// !$*UTF8*$!
{
	archiveVersion = 1;
	classes = {
	};
	objectVersion = 46;
	objects = {

/* Begin PBXBuildFile section */
		6818C0CA15AD3CD4000EF6A7 /* UIKit.framework in Frameworks */ = {isa = PBXBuildFile; fileRef = 6818C0C915AD3CD4000EF6A7 /* UIKit.framework */; };
		6818C0CC15AD3CD4000EF6A7 /* Foundation.framework in Frameworks */ = {isa = PBXBuildFile; fileRef = 6818C0CB15AD3CD4000EF6A7 /* Foundation.framework */; };
		6818C0CE15AD3CD4000EF6A7 /* CoreGraphics.framework in Frameworks */ = {isa = PBXBuildFile; fileRef = 6818C0CD15AD3CD4000EF6A7 /* CoreGraphics.framework */; };
		6818C0D415AD3CD4000EF6A7 /* InfoPlist.strings in Resources */ = {isa = PBXBuildFile; fileRef = 6818C0D215AD3CD4000EF6A7 /* InfoPlist.strings */; };
		6818C0D615AD3CD4000EF6A7 /* main.m in Sources */ = {isa = PBXBuildFile; fileRef = 6818C0D515AD3CD4000EF6A7 /* main.m */; };
		6818C0DA15AD3CD4000EF6A7 /* AppDelegate.m in Sources */ = {isa = PBXBuildFile; fileRef = 6818C0D915AD3CD4000EF6A7 /* AppDelegate.m */; };
		6818C0DD15AD3CD4000EF6A7 /* ViewController.m in Sources */ = {isa = PBXBuildFile; fileRef = 6818C0DC15AD3CD4000EF6A7 /* ViewController.m */; };
		6818C0E015AD3CD4000EF6A7 /* ViewController.xib in Resources */ = {isa = PBXBuildFile; fileRef = 6818C0DE15AD3CD4000EF6A7 /* ViewController.xib */; };
		6818C0EC15AD509C000EF6A7 /* libMobClickLibrary.a in Frameworks */ = {isa = PBXBuildFile; fileRef = 6818C0EA15AD509C000EF6A7 /* libMobClickLibrary.a */; };
		6818C0EE15AD5732000EF6A7 /* libz.dylib in Frameworks */ = {isa = PBXBuildFile; fileRef = 6818C0ED15AD5732000EF6A7 /* libz.dylib */; };
		6890AA0B15BD33D000392E94 /* Test1ViewController.m in Sources */ = {isa = PBXBuildFile; fileRef = 6890AA0915BD33D000392E94 /* Test1ViewController.m */; };
		6890AA0C15BD33D000392E94 /* Test1ViewController.xib in Resources */ = {isa = PBXBuildFile; fileRef = 6890AA0A15BD33D000392E94 /* Test1ViewController.xib */; };
		6890AA1315BD352300392E94 /* startLog.jpg in Resources */ = {isa = PBXBuildFile; fileRef = 6890AA1215BD352300392E94 /* startLog.jpg */; };
		6890AA1715BD38CD00392E94 /* Test2ViewController.m in Sources */ = {isa = PBXBuildFile; fileRef = 6890AA1515BD38CD00392E94 /* Test2ViewController.m */; };
		6890AA1815BD38CD00392E94 /* Test2ViewController.xib in Resources */ = {isa = PBXBuildFile; fileRef = 6890AA1615BD38CD00392E94 /* Test2ViewController.xib */; };
		C02D9FAF1606ED95005D7F57 /* TSActionSheet.m in Sources */ = {isa = PBXBuildFile; fileRef = C02D9FAA1606ED95005D7F57 /* TSActionSheet.m */; };
		C02D9FB01606ED95005D7F57 /* TSPopoverController.m in Sources */ = {isa = PBXBuildFile; fileRef = C02D9FAB1606ED95005D7F57 /* TSPopoverController.m */; };
		C02D9FB11606ED95005D7F57 /* TSPopoverPopoverView.m in Sources */ = {isa = PBXBuildFile; fileRef = C02D9FAC1606ED95005D7F57 /* TSPopoverPopoverView.m */; };
		C02D9FB21606ED95005D7F57 /* TSPopoverTouchView.m in Sources */ = {isa = PBXBuildFile; fileRef = C02D9FAD1606ED95005D7F57 /* TSPopoverTouchView.m */; };
		C02D9FB31606ED95005D7F57 /* UIBarButtonItem+WEPopover.m in Sources */ = {isa = PBXBuildFile; fileRef = C02D9FAE1606ED95005D7F57 /* UIBarButtonItem+WEPopover.m */; };
		C02D9FB71607016E005D7F57 /* jtjl.png in Resources */ = {isa = PBXBuildFile; fileRef = C02D9FB41607016D005D7F57 /* jtjl.png */; };
		C02D9FB81607016E005D7F57 /* xbk.png in Resources */ = {isa = PBXBuildFile; fileRef = C02D9FB51607016D005D7F57 /* xbk.png */; };
		C02D9FB91607016E005D7F57 /* ymamdl.png in Resources */ = {isa = PBXBuildFile; fileRef = C02D9FB61607016D005D7F57 /* ymamdl.png */; };
		C02D9FBD16070AD6005D7F57 /* CardViewController.m in Sources */ = {isa = PBXBuildFile; fileRef = C02D9FBB16070AD6005D7F57 /* CardViewController.m */; };
		C02D9FBE16070AD6005D7F57 /* CardViewController.xib in Resources */ = {isa = PBXBuildFile; fileRef = C02D9FBC16070AD6005D7F57 /* CardViewController.xib */; };
		C02D9FC4160718E4005D7F57 /* 2wm.png in Resources */ = {isa = PBXBuildFile; fileRef = C02D9FC3160718E3005D7F57 /* 2wm.png */; };
		C02D9FC7160B0938005D7F57 /* CardBackView.m in Sources */ = {isa = PBXBuildFile; fileRef = C02D9FC6160B0937005D7F57 /* CardBackView.m */; };
		C0622CAB160EF43100111E54 /* NSObject+SBJson.m in Sources */ = {isa = PBXBuildFile; fileRef = C0622C93160EF43000111E54 /* NSObject+SBJson.m */; };
		C0622CAC160EF43100111E54 /* SBJsonParser.m in Sources */ = {isa = PBXBuildFile; fileRef = C0622C96160EF43000111E54 /* SBJsonParser.m */; };
		C0622CAD160EF43100111E54 /* SBJsonStreamParser.m in Sources */ = {isa = PBXBuildFile; fileRef = C0622C98160EF43000111E54 /* SBJsonStreamParser.m */; };
		C0622CAE160EF43100111E54 /* SBJsonStreamParserAccumulator.m in Sources */ = {isa = PBXBuildFile; fileRef = C0622C9A160EF43000111E54 /* SBJsonStreamParserAccumulator.m */; };
		C0622CAF160EF43100111E54 /* SBJsonStreamParserAdapter.m in Sources */ = {isa = PBXBuildFile; fileRef = C0622C9C160EF43000111E54 /* SBJsonStreamParserAdapter.m */; };
		C0622CB0160EF43100111E54 /* SBJsonStreamParserState.m in Sources */ = {isa = PBXBuildFile; fileRef = C0622C9E160EF43000111E54 /* SBJsonStreamParserState.m */; };
		C0622CB1160EF43100111E54 /* SBJsonStreamWriter.m in Sources */ = {isa = PBXBuildFile; fileRef = C0622CA0160EF43000111E54 /* SBJsonStreamWriter.m */; };
		C0622CB2160EF43100111E54 /* SBJsonStreamWriterAccumulator.m in Sources */ = {isa = PBXBuildFile; fileRef = C0622CA2160EF43000111E54 /* SBJsonStreamWriterAccumulator.m */; };
		C0622CB3160EF43100111E54 /* SBJsonStreamWriterState.m in Sources */ = {isa = PBXBuildFile; fileRef = C0622CA4160EF43000111E54 /* SBJsonStreamWriterState.m */; };
		C0622CB4160EF43100111E54 /* SBJsonTokeniser.m in Sources */ = {isa = PBXBuildFile; fileRef = C0622CA6160EF43000111E54 /* SBJsonTokeniser.m */; };
		C0622CB5160EF43100111E54 /* SBJsonUTF8Stream.m in Sources */ = {isa = PBXBuildFile; fileRef = C0622CA8160EF43000111E54 /* SBJsonUTF8Stream.m */; };
		C0622CB6160EF43100111E54 /* SBJsonWriter.m in Sources */ = {isa = PBXBuildFile; fileRef = C0622CAA160EF43000111E54 /* SBJsonWriter.m */; };
		C0622CD91614159700111E54 /* TrendsViewController.m in Sources */ = {isa = PBXBuildFile; fileRef = C0622CD71614159600111E54 /* TrendsViewController.m */; };
		C0622CDA1614159700111E54 /* TrendsViewController.xib in Resources */ = {isa = PBXBuildFile; fileRef = C0622CD81614159700111E54 /* TrendsViewController.xib */; };
		C0622CDD161437C800111E54 /* PersonalCenterView.m in Sources */ = {isa = PBXBuildFile; fileRef = C0622CDC161437C700111E54 /* PersonalCenterView.m */; };
		C088F8BB160B72DD006D726D /* MapViewController.m in Sources */ = {isa = PBXBuildFile; fileRef = C088F8B9160B72DD006D726D /* MapViewController.m */; };
		C088F8BC160B72DD006D726D /* MapViewController.xib in Resources */ = {isa = PBXBuildFile; fileRef = C088F8BA160B72DD006D726D /* MapViewController.xib */; };
		C088F8BF160B749A006D726D /* MapKit.framework in Frameworks */ = {isa = PBXBuildFile; fileRef = C088F8BE160B749A006D726D /* MapKit.framework */; };
		C088F8C1160B76D2006D726D /* CoreLocation.framework in Frameworks */ = {isa = PBXBuildFile; fileRef = C088F8C0160B76D2006D726D /* CoreLocation.framework */; };
		C088F8C4160B7935006D726D /* Annotation.m in Sources */ = {isa = PBXBuildFile; fileRef = C088F8C3160B7934006D726D /* Annotation.m */; };
		C088F985160B7F27006D726D /* GTMBase64.m in Sources */ = {isa = PBXBuildFile; fileRef = C088F946160B7F27006D726D /* GTMBase64.m */; settings = {COMPILER_FLAGS = "-fno-objc-arc"; }; };
		C088F986160B7F27006D726D /* Localizable.strings in Resources */ = {isa = PBXBuildFile; fileRef = C088F948160B7F27006D726D /* Localizable.strings */; };
		C088F987160B7F27006D726D /* bg.png in Resources */ = {isa = PBXBuildFile; fileRef = C088F94C160B7F27006D726D /* bg.png */; };
		C088F988160B7F27006D726D /* bg@2x.png in Resources */ = {isa = PBXBuildFile; fileRef = C088F94D160B7F27006D726D /* bg@2x.png */; };
		C088F989160B7F27006D726D /* bg_land.png in Resources */ = {isa = PBXBuildFile; fileRef = C088F94E160B7F27006D726D /* bg_land.png */; };
		C088F98A160B7F27006D726D /* bg_land@2x.png in Resources */ = {isa = PBXBuildFile; fileRef = C088F94F160B7F27006D726D /* bg_land@2x.png */; };
		C088F98B160B7F27006D726D /* btn.png in Resources */ = {isa = PBXBuildFile; fileRef = C088F950160B7F27006D726D /* btn.png */; };
		C088F98C160B7F27006D726D /* btn@2x.png in Resources */ = {isa = PBXBuildFile; fileRef = C088F951160B7F27006D726D /* btn@2x.png */; };
		C088F98D160B7F27006D726D /* close.png in Resources */ = {isa = PBXBuildFile; fileRef = C088F952160B7F27006D726D /* close.png */; };
		C088F98E160B7F27006D726D /* close@2x.png in Resources */ = {isa = PBXBuildFile; fileRef = C088F953160B7F27006D726D /* close@2x.png */; };
		C088F98F160B7F27006D726D /* close_btn.png in Resources */ = {isa = PBXBuildFile; fileRef = C088F954160B7F27006D726D /* close_btn.png */; };
		C088F990160B7F27006D726D /* close_btn@2x.png in Resources */ = {isa = PBXBuildFile; fileRef = C088F955160B7F27006D726D /* close_btn@2x.png */; };
		C088F991160B7F27006D726D /* delete.png in Resources */ = {isa = PBXBuildFile; fileRef = C088F956160B7F27006D726D /* delete.png */; };
		C088F992160B7F27006D726D /* delete@2x.png in Resources */ = {isa = PBXBuildFile; fileRef = C088F957160B7F27006D726D /* delete@2x.png */; };
		C088F993160B7F27006D726D /* logo.png in Resources */ = {isa = PBXBuildFile; fileRef = C088F958160B7F27006D726D /* logo.png */; };
		C088F994160B7F27006D726D /* logo@2x.png in Resources */ = {isa = PBXBuildFile; fileRef = C088F959160B7F27006D726D /* logo@2x.png */; };
		C088F99B160B7F27006D726D /* SFHFKeychainUtils.m in Sources */ = {isa = PBXBuildFile; fileRef = C088F96A160B7F27006D726D /* SFHFKeychainUtils.m */; settings = {COMPILER_FLAGS = "-fno-objc-arc"; }; };
		C088F99C160B7F27006D726D /* WBAuthorize.m in Sources */ = {isa = PBXBuildFile; fileRef = C088F96C160B7F27006D726D /* WBAuthorize.m */; settings = {COMPILER_FLAGS = "-fno-objc-arc"; }; };
		C088F99D160B7F27006D726D /* WBAuthorizeWebView.m in Sources */ = {isa = PBXBuildFile; fileRef = C088F96E160B7F27006D726D /* WBAuthorizeWebView.m */; settings = {COMPILER_FLAGS = "-fno-objc-arc"; }; };
		C088F99E160B7F27006D726D /* WBEngine.m in Sources */ = {isa = PBXBuildFile; fileRef = C088F970160B7F27006D726D /* WBEngine.m */; settings = {COMPILER_FLAGS = "-fno-objc-arc"; }; };
		C088F99F160B7F27006D726D /* WBLogInAlertView.m in Sources */ = {isa = PBXBuildFile; fileRef = C088F972160B7F27006D726D /* WBLogInAlertView.m */; settings = {COMPILER_FLAGS = "-fno-objc-arc"; }; };
		C088F9A0160B7F27006D726D /* WBRequest.m in Sources */ = {isa = PBXBuildFile; fileRef = C088F974160B7F27006D726D /* WBRequest.m */; settings = {COMPILER_FLAGS = "-fno-objc-arc"; }; };
		C088F9A1160B7F27006D726D /* WBSendView.m in Sources */ = {isa = PBXBuildFile; fileRef = C088F977160B7F27006D726D /* WBSendView.m */; settings = {COMPILER_FLAGS = "-fno-objc-arc"; }; };
		C088F9A2160B7F27006D726D /* WBUtil.m in Sources */ = {isa = PBXBuildFile; fileRef = C088F979160B7F27006D726D /* WBUtil.m */; settings = {COMPILER_FLAGS = "-fno-objc-arc"; }; };
		C088F9A3160B7F27006D726D /* SinaWeiBoSDK.m in Sources */ = {isa = PBXBuildFile; fileRef = C088F97E160B7F27006D726D /* SinaWeiBoSDK.m */; settings = {COMPILER_FLAGS = "-fno-objc-arc"; }; };
		C088F9A8160B813C006D726D /* Security.framework in Frameworks */ = {isa = PBXBuildFile; fileRef = C088F9A7160B813C006D726D /* Security.framework */; };
		C088F9B0160B8C24006D726D /* libWeChatSDK.a in Frameworks */ = {isa = PBXBuildFile; fileRef = C088F9AF160B8C24006D726D /* libWeChatSDK.a */; };
		C0917A6D15FF252100D7E372 /* BusinessesViewController.m in Sources */ = {isa = PBXBuildFile; fileRef = C0917A6B15FF252100D7E372 /* BusinessesViewController.m */; };
		C0917A6E15FF252100D7E372 /* BusinessesViewController.xib in Resources */ = {isa = PBXBuildFile; fileRef = C0917A6C15FF252100D7E372 /* BusinessesViewController.xib */; };
		C0917A7215FF253300D7E372 /* FindViewController.m in Sources */ = {isa = PBXBuildFile; fileRef = C0917A7015FF253300D7E372 /* FindViewController.m */; };
		C0917A7315FF253300D7E372 /* FindViewController.xib in Resources */ = {isa = PBXBuildFile; fileRef = C0917A7115FF253300D7E372 /* FindViewController.xib */; };
		C0917A7715FF254200D7E372 /* CarkPacksViewController.m in Sources */ = {isa = PBXBuildFile; fileRef = C0917A7515FF254200D7E372 /* CarkPacksViewController.m */; };
		C0917A7815FF254200D7E372 /* CarkPacksViewController.xib in Resources */ = {isa = PBXBuildFile; fileRef = C0917A7615FF254200D7E372 /* CarkPacksViewController.xib */; };
		C09B9DE01602622E008D12EA /* UISearchBarBookmarks.png in Resources */ = {isa = PBXBuildFile; fileRef = C09B9DDC1602622E008D12EA /* UISearchBarBookmarks.png */; };
		C09B9DE11602622E008D12EA /* UISearchBarBookmarks@2x.png in Resources */ = {isa = PBXBuildFile; fileRef = C09B9DDD1602622E008D12EA /* UISearchBarBookmarks@2x.png */; };
		C09B9DE21602622E008D12EA /* UISearchBarBookmarksPressed.png in Resources */ = {isa = PBXBuildFile; fileRef = C09B9DDE1602622E008D12EA /* UISearchBarBookmarksPressed.png */; };
		C09B9DE31602622E008D12EA /* UISearchBarBookmarksPressed@2x.png in Resources */ = {isa = PBXBuildFile; fileRef = C09B9DDF1602622E008D12EA /* UISearchBarBookmarksPressed@2x.png */; };
		C09B9DF0160622B0008D12EA /* MKEntryPanel.xib in Resources */ = {isa = PBXBuildFile; fileRef = C09B9DEC160622B0008D12EA /* MKEntryPanel.xib */; };
		C09B9DF1160622B0008D12EA /* TopBar.png in Resources */ = {isa = PBXBuildFile; fileRef = C09B9DED160622B0008D12EA /* TopBar.png */; };
		C09B9DF2160622B0008D12EA /* TopBar@2x.png in Resources */ = {isa = PBXBuildFile; fileRef = C09B9DEE160622B0008D12EA /* TopBar@2x.png */; };
		C09B9DF41606244E008D12EA /* Error.m in Sources */ = {isa = PBXBuildFile; fileRef = C0917AA815FF2CF300D7E372 /* Error.m */; };
		C09B9DF51606244E008D12EA /* Global.m in Sources */ = {isa = PBXBuildFile; fileRef = C0917AAB15FF2CF300D7E372 /* Global.m */; };
		C09B9DF61606244E008D12EA /* MKEntryPanel.m in Sources */ = {isa = PBXBuildFile; fileRef = C09B9DEB160622B0008D12EA /* MKEntryPanel.m */; settings = {COMPILER_FLAGS = "-fno-objc-arc"; }; };
		C09B9DF71606244E008D12EA /* SearchView.m in Sources */ = {isa = PBXBuildFile; fileRef = C0917ABB160254C700D7E372 /* SearchView.m */; };
		C0BAC55015DCE21E00FF7E04 /* PagePhotosView.m in Sources */ = {isa = PBXBuildFile; fileRef = C0BAC54F15DCE21E00FF7E04 /* PagePhotosView.m */; };
		C0BAC55715DCE58800FF7E04 /* 1933_1.jpg in Resources */ = {isa = PBXBuildFile; fileRef = C0BAC55215DCE58800FF7E04 /* 1933_1.jpg */; };
		C0BAC55815DCE58800FF7E04 /* 1933_2.jpg in Resources */ = {isa = PBXBuildFile; fileRef = C0BAC55315DCE58800FF7E04 /* 1933_2.jpg */; };
		C0BAC55915DCE58800FF7E04 /* 1933_3.jpg in Resources */ = {isa = PBXBuildFile; fileRef = C0BAC55415DCE58800FF7E04 /* 1933_3.jpg */; };
		C0BAC55A15DCE58800FF7E04 /* 1933_4.jpg in Resources */ = {isa = PBXBuildFile; fileRef = C0BAC55515DCE58800FF7E04 /* 1933_4.jpg */; };
		C0BAC55B15DCE58800FF7E04 /* 1933_5.jpg in Resources */ = {isa = PBXBuildFile; fileRef = C0BAC55615DCE58800FF7E04 /* 1933_5.jpg */; };
		C0BAC56115DD005200FF7E04 /* home.png in Resources */ = {isa = PBXBuildFile; fileRef = C0BAC56015DD005200FF7E04 /* home.png */; };
		C0BAC56315DD018800FF7E04 /* fav.png in Resources */ = {isa = PBXBuildFile; fileRef = C0BAC56215DD018800FF7E04 /* fav.png */; };
		C0BAC56515DD019B00FF7E04 /* search.png in Resources */ = {isa = PBXBuildFile; fileRef = C0BAC56415DD019A00FF7E04 /* search.png */; };
		C0BAC56715E200ED00FF7E04 /* QuartzCore.framework in Frameworks */ = {isa = PBXBuildFile; fileRef = C0BAC56615E200EC00FF7E04 /* QuartzCore.framework */; };
		C0C442CB160B6288004511C3 /* bq.png in Resources */ = {isa = PBXBuildFile; fileRef = C0C442CA160B6288004511C3 /* bq.png */; };
		C0E5BDF815D8C219009004E6 /* HomeViewController.m in Sources */ = {isa = PBXBuildFile; fileRef = C0E5BDF615D8C219009004E6 /* HomeViewController.m */; };
		C0E5BDF915D8C219009004E6 /* HomeViewController.xib in Resources */ = {isa = PBXBuildFile; fileRef = C0E5BDF715D8C219009004E6 /* HomeViewController.xib */; };
		C0E5BDFE15D8C254009004E6 /* CouponViewController.m in Sources */ = {isa = PBXBuildFile; fileRef = C0E5BDFC15D8C254009004E6 /* CouponViewController.m */; };
		C0E5BDFF15D8C254009004E6 /* CouponViewController.xib in Resources */ = {isa = PBXBuildFile; fileRef = C0E5BDFD15D8C254009004E6 /* CouponViewController.xib */; };
		C0E5BE0315D8C267009004E6 /* AroundViewController.m in Sources */ = {isa = PBXBuildFile; fileRef = C0E5BE0115D8C267009004E6 /* AroundViewController.m */; };
		C0E5BE0415D8C267009004E6 /* AroundViewController.xib in Resources */ = {isa = PBXBuildFile; fileRef = C0E5BE0215D8C267009004E6 /* AroundViewController.xib */; };
		C0E5BE0815D8C276009004E6 /* MyViewController.m in Sources */ = {isa = PBXBuildFile; fileRef = C0E5BE0615D8C276009004E6 /* MyViewController.m */; };
		C0E5BE0915D8C276009004E6 /* MyViewController.xib in Resources */ = {isa = PBXBuildFile; fileRef = C0E5BE0715D8C276009004E6 /* MyViewController.xib */; };
		C0E5BE1415D8C743009004E6 /* 01.jpg in Resources */ = {isa = PBXBuildFile; fileRef = C0E5BE0F15D8C743009004E6 /* 01.jpg */; };
		C0E5BE1515D8C743009004E6 /* 02.jpg in Resources */ = {isa = PBXBuildFile; fileRef = C0E5BE1015D8C743009004E6 /* 02.jpg */; };
		C0E5BE1615D8C743009004E6 /* 03.jpg in Resources */ = {isa = PBXBuildFile; fileRef = C0E5BE1115D8C743009004E6 /* 03.jpg */; };
		C0E5BE1715D8C743009004E6 /* 04.jpg in Resources */ = {isa = PBXBuildFile; fileRef = C0E5BE1215D8C743009004E6 /* 04.jpg */; };
		C0E5BE1815D8C743009004E6 /* 05.jpg in Resources */ = {isa = PBXBuildFile; fileRef = C0E5BE1315D8C743009004E6 /* 05.jpg */; };
		C0F70C9315EB3631002CDFC9 /* CoreData.framework in Frameworks */ = {isa = PBXBuildFile; fileRef = C0F70C9215EB3631002CDFC9 /* CoreData.framework */; };
		C0F70C9C15EB61FF002CDFC9 /* AZGenieView.m in Sources */ = {isa = PBXBuildFile; fileRef = C0F70C9A15EB5304002CDFC9 /* AZGenieView.m */; };
/* End PBXBuildFile section */

/* Begin PBXContainerItemProxy section */
		C088F9A5160B7F28006D726D /* PBXContainerItemProxy */ = {
			isa = PBXContainerItemProxy;
			containerPortal = C088F97F160B7F27006D726D /* SinaWeiBoSDK.xcodeproj */;
			proxyType = 2;
			remoteGlobalIDString = E6ABCC1914988423008E0A37;
			remoteInfo = SinaWeiBoSDK;
		};
/* End PBXContainerItemProxy section */

/* Begin PBXFileReference section */
		6818C0C515AD3CD4000EF6A7 /* shen1d.app */ = {isa = PBXFileReference; explicitFileType = wrapper.application; includeInIndex = 0; path = shen1d.app; sourceTree = BUILT_PRODUCTS_DIR; };
		6818C0C915AD3CD4000EF6A7 /* UIKit.framework */ = {isa = PBXFileReference; lastKnownFileType = wrapper.framework; name = UIKit.framework; path = System/Library/Frameworks/UIKit.framework; sourceTree = SDKROOT; };
		6818C0CB15AD3CD4000EF6A7 /* Foundation.framework */ = {isa = PBXFileReference; lastKnownFileType = wrapper.framework; name = Foundation.framework; path = System/Library/Frameworks/Foundation.framework; sourceTree = SDKROOT; };
		6818C0CD15AD3CD4000EF6A7 /* CoreGraphics.framework */ = {isa = PBXFileReference; lastKnownFileType = wrapper.framework; name = CoreGraphics.framework; path = System/Library/Frameworks/CoreGraphics.framework; sourceTree = SDKROOT; };
		6818C0D115AD3CD4000EF6A7 /* shen1d-Info.plist */ = {isa = PBXFileReference; lastKnownFileType = text.plist.xml; path = "shen1d-Info.plist"; sourceTree = "<group>"; };
		6818C0D315AD3CD4000EF6A7 /* en */ = {isa = PBXFileReference; lastKnownFileType = text.plist.strings; name = en; path = en.lproj/InfoPlist.strings; sourceTree = "<group>"; };
		6818C0D515AD3CD4000EF6A7 /* main.m */ = {isa = PBXFileReference; lastKnownFileType = sourcecode.c.objc; path = main.m; sourceTree = "<group>"; };
		6818C0D715AD3CD4000EF6A7 /* shen1d-Prefix.pch */ = {isa = PBXFileReference; lastKnownFileType = sourcecode.c.h; path = "shen1d-Prefix.pch"; sourceTree = "<group>"; };
		6818C0D815AD3CD4000EF6A7 /* AppDelegate.h */ = {isa = PBXFileReference; lastKnownFileType = sourcecode.c.h; path = AppDelegate.h; sourceTree = "<group>"; };
		6818C0D915AD3CD4000EF6A7 /* AppDelegate.m */ = {isa = PBXFileReference; lastKnownFileType = sourcecode.c.objc; path = AppDelegate.m; sourceTree = "<group>"; };
		6818C0DB15AD3CD4000EF6A7 /* ViewController.h */ = {isa = PBXFileReference; lastKnownFileType = sourcecode.c.h; path = ViewController.h; sourceTree = "<group>"; };
		6818C0DC15AD3CD4000EF6A7 /* ViewController.m */ = {isa = PBXFileReference; lastKnownFileType = sourcecode.c.objc; path = ViewController.m; sourceTree = "<group>"; };
		6818C0DF15AD3CD4000EF6A7 /* en */ = {isa = PBXFileReference; lastKnownFileType = file.xib; name = en; path = en.lproj/ViewController.xib; sourceTree = "<group>"; };
		6818C0EA15AD509C000EF6A7 /* libMobClickLibrary.a */ = {isa = PBXFileReference; lastKnownFileType = archive.ar; path = libMobClickLibrary.a; sourceTree = "<group>"; };
		6818C0EB15AD509C000EF6A7 /* MobClick.h */ = {isa = PBXFileReference; fileEncoding = 4; lastKnownFileType = sourcecode.c.h; path = MobClick.h; sourceTree = "<group>"; };
		6818C0ED15AD5732000EF6A7 /* libz.dylib */ = {isa = PBXFileReference; lastKnownFileType = "compiled.mach-o.dylib"; name = libz.dylib; path = usr/lib/libz.dylib; sourceTree = SDKROOT; };
		6890AA0815BD33D000392E94 /* Test1ViewController.h */ = {isa = PBXFileReference; fileEncoding = 4; lastKnownFileType = sourcecode.c.h; path = Test1ViewController.h; sourceTree = "<group>"; };
		6890AA0915BD33D000392E94 /* Test1ViewController.m */ = {isa = PBXFileReference; fileEncoding = 4; lastKnownFileType = sourcecode.c.objc; path = Test1ViewController.m; sourceTree = "<group>"; };
		6890AA0A15BD33D000392E94 /* Test1ViewController.xib */ = {isa = PBXFileReference; fileEncoding = 4; lastKnownFileType = file.xib; path = Test1ViewController.xib; sourceTree = "<group>"; };
		6890AA1215BD352300392E94 /* startLog.jpg */ = {isa = PBXFileReference; lastKnownFileType = image.jpeg; path = startLog.jpg; sourceTree = "<group>"; };
		6890AA1415BD38CD00392E94 /* Test2ViewController.h */ = {isa = PBXFileReference; fileEncoding = 4; lastKnownFileType = sourcecode.c.h; path = Test2ViewController.h; sourceTree = "<group>"; };
		6890AA1515BD38CD00392E94 /* Test2ViewController.m */ = {isa = PBXFileReference; fileEncoding = 4; lastKnownFileType = sourcecode.c.objc; path = Test2ViewController.m; sourceTree = "<group>"; };
		6890AA1615BD38CD00392E94 /* Test2ViewController.xib */ = {isa = PBXFileReference; fileEncoding = 4; lastKnownFileType = file.xib; path = Test2ViewController.xib; sourceTree = "<group>"; };
		C02D9FA41606ED95005D7F57 /* TSActionSheet.h */ = {isa = PBXFileReference; fileEncoding = 4; lastKnownFileType = sourcecode.c.h; path = TSActionSheet.h; sourceTree = "<group>"; };
		C02D9FA51606ED95005D7F57 /* TSPopoverController.h */ = {isa = PBXFileReference; fileEncoding = 4; lastKnownFileType = sourcecode.c.h; path = TSPopoverController.h; sourceTree = "<group>"; };
		C02D9FA61606ED95005D7F57 /* TSPopoverPopoverView.h */ = {isa = PBXFileReference; fileEncoding = 4; lastKnownFileType = sourcecode.c.h; path = TSPopoverPopoverView.h; sourceTree = "<group>"; };
		C02D9FA71606ED95005D7F57 /* TSPopoverTouchesDelegate.h */ = {isa = PBXFileReference; fileEncoding = 4; lastKnownFileType = sourcecode.c.h; path = TSPopoverTouchesDelegate.h; sourceTree = "<group>"; };
		C02D9FA81606ED95005D7F57 /* TSPopoverTouchView.h */ = {isa = PBXFileReference; fileEncoding = 4; lastKnownFileType = sourcecode.c.h; path = TSPopoverTouchView.h; sourceTree = "<group>"; };
		C02D9FA91606ED95005D7F57 /* UIBarButtonItem+WEPopover.h */ = {isa = PBXFileReference; fileEncoding = 4; lastKnownFileType = sourcecode.c.h; path = "UIBarButtonItem+WEPopover.h"; sourceTree = "<group>"; };
		C02D9FAA1606ED95005D7F57 /* TSActionSheet.m */ = {isa = PBXFileReference; fileEncoding = 4; lastKnownFileType = sourcecode.c.objc; path = TSActionSheet.m; sourceTree = "<group>"; };
		C02D9FAB1606ED95005D7F57 /* TSPopoverController.m */ = {isa = PBXFileReference; fileEncoding = 4; lastKnownFileType = sourcecode.c.objc; path = TSPopoverController.m; sourceTree = "<group>"; };
		C02D9FAC1606ED95005D7F57 /* TSPopoverPopoverView.m */ = {isa = PBXFileReference; fileEncoding = 4; lastKnownFileType = sourcecode.c.objc; path = TSPopoverPopoverView.m; sourceTree = "<group>"; };
		C02D9FAD1606ED95005D7F57 /* TSPopoverTouchView.m */ = {isa = PBXFileReference; fileEncoding = 4; lastKnownFileType = sourcecode.c.objc; path = TSPopoverTouchView.m; sourceTree = "<group>"; };
		C02D9FAE1606ED95005D7F57 /* UIBarButtonItem+WEPopover.m */ = {isa = PBXFileReference; fileEncoding = 4; lastKnownFileType = sourcecode.c.objc; path = "UIBarButtonItem+WEPopover.m"; sourceTree = "<group>"; };
		C02D9FB41607016D005D7F57 /* jtjl.png */ = {isa = PBXFileReference; lastKnownFileType = image.png; path = jtjl.png; sourceTree = "<group>"; };
		C02D9FB51607016D005D7F57 /* xbk.png */ = {isa = PBXFileReference; lastKnownFileType = image.png; path = xbk.png; sourceTree = "<group>"; };
		C02D9FB61607016D005D7F57 /* ymamdl.png */ = {isa = PBXFileReference; lastKnownFileType = image.png; path = ymamdl.png; sourceTree = "<group>"; };
		C02D9FBA16070AD6005D7F57 /* CardViewController.h */ = {isa = PBXFileReference; fileEncoding = 4; lastKnownFileType = sourcecode.c.h; path = CardViewController.h; sourceTree = "<group>"; };
		C02D9FBB16070AD6005D7F57 /* CardViewController.m */ = {isa = PBXFileReference; fileEncoding = 4; lastKnownFileType = sourcecode.c.objc; path = CardViewController.m; sourceTree = "<group>"; };
		C02D9FBC16070AD6005D7F57 /* CardViewController.xib */ = {isa = PBXFileReference; fileEncoding = 4; lastKnownFileType = file.xib; path = CardViewController.xib; sourceTree = "<group>"; };
		C02D9FC3160718E3005D7F57 /* 2wm.png */ = {isa = PBXFileReference; lastKnownFileType = image.png; path = 2wm.png; sourceTree = "<group>"; };
		C02D9FC5160B0937005D7F57 /* CardBackView.h */ = {isa = PBXFileReference; fileEncoding = 4; lastKnownFileType = sourcecode.c.h; path = CardBackView.h; sourceTree = "<group>"; };
		C02D9FC6160B0937005D7F57 /* CardBackView.m */ = {isa = PBXFileReference; fileEncoding = 4; lastKnownFileType = sourcecode.c.objc; path = CardBackView.m; sourceTree = "<group>"; };
		C0622C92160EF43000111E54 /* NSObject+SBJson.h */ = {isa = PBXFileReference; fileEncoding = 4; lastKnownFileType = sourcecode.c.h; path = "NSObject+SBJson.h"; sourceTree = "<group>"; };
		C0622C93160EF43000111E54 /* NSObject+SBJson.m */ = {isa = PBXFileReference; fileEncoding = 4; lastKnownFileType = sourcecode.c.objc; path = "NSObject+SBJson.m"; sourceTree = "<group>"; };
		C0622C94160EF43000111E54 /* SBJson.h */ = {isa = PBXFileReference; fileEncoding = 4; lastKnownFileType = sourcecode.c.h; path = SBJson.h; sourceTree = "<group>"; };
		C0622C95160EF43000111E54 /* SBJsonParser.h */ = {isa = PBXFileReference; fileEncoding = 4; lastKnownFileType = sourcecode.c.h; path = SBJsonParser.h; sourceTree = "<group>"; };
		C0622C96160EF43000111E54 /* SBJsonParser.m */ = {isa = PBXFileReference; fileEncoding = 4; lastKnownFileType = sourcecode.c.objc; path = SBJsonParser.m; sourceTree = "<group>"; };
		C0622C97160EF43000111E54 /* SBJsonStreamParser.h */ = {isa = PBXFileReference; fileEncoding = 4; lastKnownFileType = sourcecode.c.h; path = SBJsonStreamParser.h; sourceTree = "<group>"; };
		C0622C98160EF43000111E54 /* SBJsonStreamParser.m */ = {isa = PBXFileReference; fileEncoding = 4; lastKnownFileType = sourcecode.c.objc; path = SBJsonStreamParser.m; sourceTree = "<group>"; };
		C0622C99160EF43000111E54 /* SBJsonStreamParserAccumulator.h */ = {isa = PBXFileReference; fileEncoding = 4; lastKnownFileType = sourcecode.c.h; path = SBJsonStreamParserAccumulator.h; sourceTree = "<group>"; };
		C0622C9A160EF43000111E54 /* SBJsonStreamParserAccumulator.m */ = {isa = PBXFileReference; fileEncoding = 4; lastKnownFileType = sourcecode.c.objc; path = SBJsonStreamParserAccumulator.m; sourceTree = "<group>"; };
		C0622C9B160EF43000111E54 /* SBJsonStreamParserAdapter.h */ = {isa = PBXFileReference; fileEncoding = 4; lastKnownFileType = sourcecode.c.h; path = SBJsonStreamParserAdapter.h; sourceTree = "<group>"; };
		C0622C9C160EF43000111E54 /* SBJsonStreamParserAdapter.m */ = {isa = PBXFileReference; fileEncoding = 4; lastKnownFileType = sourcecode.c.objc; path = SBJsonStreamParserAdapter.m; sourceTree = "<group>"; };
		C0622C9D160EF43000111E54 /* SBJsonStreamParserState.h */ = {isa = PBXFileReference; fileEncoding = 4; lastKnownFileType = sourcecode.c.h; path = SBJsonStreamParserState.h; sourceTree = "<group>"; };
		C0622C9E160EF43000111E54 /* SBJsonStreamParserState.m */ = {isa = PBXFileReference; fileEncoding = 4; lastKnownFileType = sourcecode.c.objc; path = SBJsonStreamParserState.m; sourceTree = "<group>"; };
		C0622C9F160EF43000111E54 /* SBJsonStreamWriter.h */ = {isa = PBXFileReference; fileEncoding = 4; lastKnownFileType = sourcecode.c.h; path = SBJsonStreamWriter.h; sourceTree = "<group>"; };
		C0622CA0160EF43000111E54 /* SBJsonStreamWriter.m */ = {isa = PBXFileReference; fileEncoding = 4; lastKnownFileType = sourcecode.c.objc; path = SBJsonStreamWriter.m; sourceTree = "<group>"; };
		C0622CA1160EF43000111E54 /* SBJsonStreamWriterAccumulator.h */ = {isa = PBXFileReference; fileEncoding = 4; lastKnownFileType = sourcecode.c.h; path = SBJsonStreamWriterAccumulator.h; sourceTree = "<group>"; };
		C0622CA2160EF43000111E54 /* SBJsonStreamWriterAccumulator.m */ = {isa = PBXFileReference; fileEncoding = 4; lastKnownFileType = sourcecode.c.objc; path = SBJsonStreamWriterAccumulator.m; sourceTree = "<group>"; };
		C0622CA3160EF43000111E54 /* SBJsonStreamWriterState.h */ = {isa = PBXFileReference; fileEncoding = 4; lastKnownFileType = sourcecode.c.h; path = SBJsonStreamWriterState.h; sourceTree = "<group>"; };
		C0622CA4160EF43000111E54 /* SBJsonStreamWriterState.m */ = {isa = PBXFileReference; fileEncoding = 4; lastKnownFileType = sourcecode.c.objc; path = SBJsonStreamWriterState.m; sourceTree = "<group>"; };
		C0622CA5160EF43000111E54 /* SBJsonTokeniser.h */ = {isa = PBXFileReference; fileEncoding = 4; lastKnownFileType = sourcecode.c.h; path = SBJsonTokeniser.h; sourceTree = "<group>"; };
		C0622CA6160EF43000111E54 /* SBJsonTokeniser.m */ = {isa = PBXFileReference; fileEncoding = 4; lastKnownFileType = sourcecode.c.objc; path = SBJsonTokeniser.m; sourceTree = "<group>"; };
		C0622CA7160EF43000111E54 /* SBJsonUTF8Stream.h */ = {isa = PBXFileReference; fileEncoding = 4; lastKnownFileType = sourcecode.c.h; path = SBJsonUTF8Stream.h; sourceTree = "<group>"; };
		C0622CA8160EF43000111E54 /* SBJsonUTF8Stream.m */ = {isa = PBXFileReference; fileEncoding = 4; lastKnownFileType = sourcecode.c.objc; path = SBJsonUTF8Stream.m; sourceTree = "<group>"; };
		C0622CA9160EF43000111E54 /* SBJsonWriter.h */ = {isa = PBXFileReference; fileEncoding = 4; lastKnownFileType = sourcecode.c.h; path = SBJsonWriter.h; sourceTree = "<group>"; };
		C0622CAA160EF43000111E54 /* SBJsonWriter.m */ = {isa = PBXFileReference; fileEncoding = 4; lastKnownFileType = sourcecode.c.objc; path = SBJsonWriter.m; sourceTree = "<group>"; };
		C0622CD61614159600111E54 /* TrendsViewController.h */ = {isa = PBXFileReference; fileEncoding = 4; lastKnownFileType = sourcecode.c.h; path = TrendsViewController.h; sourceTree = "<group>"; };
		C0622CD71614159600111E54 /* TrendsViewController.m */ = {isa = PBXFileReference; fileEncoding = 4; lastKnownFileType = sourcecode.c.objc; path = TrendsViewController.m; sourceTree = "<group>"; };
		C0622CD81614159700111E54 /* TrendsViewController.xib */ = {isa = PBXFileReference; fileEncoding = 4; lastKnownFileType = file.xib; path = TrendsViewController.xib; sourceTree = "<group>"; };
		C0622CDB161437C700111E54 /* PersonalCenterView.h */ = {isa = PBXFileReference; fileEncoding = 4; lastKnownFileType = sourcecode.c.h; path = PersonalCenterView.h; sourceTree = "<group>"; };
		C0622CDC161437C700111E54 /* PersonalCenterView.m */ = {isa = PBXFileReference; fileEncoding = 4; lastKnownFileType = sourcecode.c.objc; path = PersonalCenterView.m; sourceTree = "<group>"; };
		C088F8B8160B72DD006D726D /* MapViewController.h */ = {isa = PBXFileReference; fileEncoding = 4; lastKnownFileType = sourcecode.c.h; path = MapViewController.h; sourceTree = "<group>"; };
		C088F8B9160B72DD006D726D /* MapViewController.m */ = {isa = PBXFileReference; fileEncoding = 4; lastKnownFileType = sourcecode.c.objc; path = MapViewController.m; sourceTree = "<group>"; };
		C088F8BA160B72DD006D726D /* MapViewController.xib */ = {isa = PBXFileReference; fileEncoding = 4; lastKnownFileType = file.xib; path = MapViewController.xib; sourceTree = "<group>"; };
		C088F8BE160B749A006D726D /* MapKit.framework */ = {isa = PBXFileReference; lastKnownFileType = wrapper.framework; name = MapKit.framework; path = System/Library/Frameworks/MapKit.framework; sourceTree = SDKROOT; };
		C088F8C0160B76D2006D726D /* CoreLocation.framework */ = {isa = PBXFileReference; lastKnownFileType = wrapper.framework; name = CoreLocation.framework; path = System/Library/Frameworks/CoreLocation.framework; sourceTree = SDKROOT; };
		C088F8C2160B7934006D726D /* Annotation.h */ = {isa = PBXFileReference; fileEncoding = 4; lastKnownFileType = sourcecode.c.h; path = Annotation.h; sourceTree = "<group>"; };
		C088F8C3160B7934006D726D /* Annotation.m */ = {isa = PBXFileReference; fileEncoding = 4; lastKnownFileType = sourcecode.c.objc; path = Annotation.m; sourceTree = "<group>"; };
		C088F945160B7F27006D726D /* GTMBase64.h */ = {isa = PBXFileReference; fileEncoding = 4; lastKnownFileType = sourcecode.c.h; path = GTMBase64.h; sourceTree = "<group>"; };
		C088F946160B7F27006D726D /* GTMBase64.m */ = {isa = PBXFileReference; fileEncoding = 4; lastKnownFileType = sourcecode.c.objc; path = GTMBase64.m; sourceTree = "<group>"; };
		C088F947160B7F27006D726D /* GTMDefines.h */ = {isa = PBXFileReference; fileEncoding = 4; lastKnownFileType = sourcecode.c.h; path = GTMDefines.h; sourceTree = "<group>"; };
		C088F949160B7F27006D726D /* en */ = {isa = PBXFileReference; lastKnownFileType = text.plist.strings; name = en; path = en.lproj/Localizable.strings; sourceTree = "<group>"; };
		C088F94C160B7F27006D726D /* bg.png */ = {isa = PBXFileReference; lastKnownFileType = image.png; path = bg.png; sourceTree = "<group>"; };
		C088F94D160B7F27006D726D /* bg@2x.png */ = {isa = PBXFileReference; lastKnownFileType = image.png; path = "bg@2x.png"; sourceTree = "<group>"; };
		C088F94E160B7F27006D726D /* bg_land.png */ = {isa = PBXFileReference; lastKnownFileType = image.png; path = bg_land.png; sourceTree = "<group>"; };
		C088F94F160B7F27006D726D /* bg_land@2x.png */ = {isa = PBXFileReference; lastKnownFileType = image.png; path = "bg_land@2x.png"; sourceTree = "<group>"; };
		C088F950160B7F27006D726D /* btn.png */ = {isa = PBXFileReference; lastKnownFileType = image.png; path = btn.png; sourceTree = "<group>"; };
		C088F951160B7F27006D726D /* btn@2x.png */ = {isa = PBXFileReference; lastKnownFileType = image.png; path = "btn@2x.png"; sourceTree = "<group>"; };
		C088F952160B7F27006D726D /* close.png */ = {isa = PBXFileReference; lastKnownFileType = image.png; path = close.png; sourceTree = "<group>"; };
		C088F953160B7F27006D726D /* close@2x.png */ = {isa = PBXFileReference; lastKnownFileType = image.png; path = "close@2x.png"; sourceTree = "<group>"; };
		C088F954160B7F27006D726D /* close_btn.png */ = {isa = PBXFileReference; lastKnownFileType = image.png; path = close_btn.png; sourceTree = "<group>"; };
		C088F955160B7F27006D726D /* close_btn@2x.png */ = {isa = PBXFileReference; lastKnownFileType = image.png; path = "close_btn@2x.png"; sourceTree = "<group>"; };
		C088F956160B7F27006D726D /* delete.png */ = {isa = PBXFileReference; lastKnownFileType = image.png; path = delete.png; sourceTree = "<group>"; };
		C088F957160B7F27006D726D /* delete@2x.png */ = {isa = PBXFileReference; lastKnownFileType = image.png; path = "delete@2x.png"; sourceTree = "<group>"; };
		C088F958160B7F27006D726D /* logo.png */ = {isa = PBXFileReference; lastKnownFileType = image.png; path = logo.png; sourceTree = "<group>"; };
		C088F959160B7F27006D726D /* logo@2x.png */ = {isa = PBXFileReference; lastKnownFileType = image.png; path = "logo@2x.png"; sourceTree = "<group>"; };
		C088F969160B7F27006D726D /* SFHFKeychainUtils.h */ = {isa = PBXFileReference; fileEncoding = 4; lastKnownFileType = sourcecode.c.h; path = SFHFKeychainUtils.h; sourceTree = "<group>"; };
		C088F96A160B7F27006D726D /* SFHFKeychainUtils.m */ = {isa = PBXFileReference; fileEncoding = 4; lastKnownFileType = sourcecode.c.objc; path = SFHFKeychainUtils.m; sourceTree = "<group>"; };
		C088F96B160B7F27006D726D /* WBAuthorize.h */ = {isa = PBXFileReference; fileEncoding = 4; lastKnownFileType = sourcecode.c.h; path = WBAuthorize.h; sourceTree = "<group>"; };
		C088F96C160B7F27006D726D /* WBAuthorize.m */ = {isa = PBXFileReference; fileEncoding = 4; lastKnownFileType = sourcecode.c.objc; path = WBAuthorize.m; sourceTree = "<group>"; };
		C088F96D160B7F27006D726D /* WBAuthorizeWebView.h */ = {isa = PBXFileReference; fileEncoding = 4; lastKnownFileType = sourcecode.c.h; path = WBAuthorizeWebView.h; sourceTree = "<group>"; };
		C088F96E160B7F27006D726D /* WBAuthorizeWebView.m */ = {isa = PBXFileReference; fileEncoding = 4; lastKnownFileType = sourcecode.c.objc; path = WBAuthorizeWebView.m; sourceTree = "<group>"; };
		C088F96F160B7F27006D726D /* WBEngine.h */ = {isa = PBXFileReference; fileEncoding = 4; lastKnownFileType = sourcecode.c.h; path = WBEngine.h; sourceTree = "<group>"; };
		C088F970160B7F27006D726D /* WBEngine.m */ = {isa = PBXFileReference; fileEncoding = 4; lastKnownFileType = sourcecode.c.objc; path = WBEngine.m; sourceTree = "<group>"; };
		C088F971160B7F27006D726D /* WBLogInAlertView.h */ = {isa = PBXFileReference; fileEncoding = 4; lastKnownFileType = sourcecode.c.h; path = WBLogInAlertView.h; sourceTree = "<group>"; };
		C088F972160B7F27006D726D /* WBLogInAlertView.m */ = {isa = PBXFileReference; fileEncoding = 4; lastKnownFileType = sourcecode.c.objc; path = WBLogInAlertView.m; sourceTree = "<group>"; };
		C088F973160B7F27006D726D /* WBRequest.h */ = {isa = PBXFileReference; fileEncoding = 4; lastKnownFileType = sourcecode.c.h; path = WBRequest.h; sourceTree = "<group>"; };
		C088F974160B7F27006D726D /* WBRequest.m */ = {isa = PBXFileReference; fileEncoding = 4; lastKnownFileType = sourcecode.c.objc; path = WBRequest.m; sourceTree = "<group>"; };
		C088F975160B7F27006D726D /* WBSDKGlobal.h */ = {isa = PBXFileReference; fileEncoding = 4; lastKnownFileType = sourcecode.c.h; path = WBSDKGlobal.h; sourceTree = "<group>"; };
		C088F976160B7F27006D726D /* WBSendView.h */ = {isa = PBXFileReference; fileEncoding = 4; lastKnownFileType = sourcecode.c.h; path = WBSendView.h; sourceTree = "<group>"; };
		C088F977160B7F27006D726D /* WBSendView.m */ = {isa = PBXFileReference; fileEncoding = 4; lastKnownFileType = sourcecode.c.objc; path = WBSendView.m; sourceTree = "<group>"; };
		C088F978160B7F27006D726D /* WBUtil.h */ = {isa = PBXFileReference; fileEncoding = 4; lastKnownFileType = sourcecode.c.h; path = WBUtil.h; sourceTree = "<group>"; };
		C088F979160B7F27006D726D /* WBUtil.m */ = {isa = PBXFileReference; fileEncoding = 4; lastKnownFileType = sourcecode.c.objc; path = WBUtil.m; sourceTree = "<group>"; };
		C088F97A160B7F27006D726D /* zh-Hans */ = {isa = PBXFileReference; lastKnownFileType = text.plist.strings; name = "zh-Hans"; path = "zh-Hans.lproj/Localizable.strings"; sourceTree = "<group>"; };
		C088F97B160B7F27006D726D /* zh-Hant */ = {isa = PBXFileReference; lastKnownFileType = text.plist.strings; name = "zh-Hant"; path = "zh-Hant.lproj/Localizable.strings"; sourceTree = "<group>"; };
		C088F97C160B7F27006D726D /* SinaWeiBoSDK-Prefix.pch */ = {isa = PBXFileReference; fileEncoding = 4; lastKnownFileType = sourcecode.c.h; path = "SinaWeiBoSDK-Prefix.pch"; sourceTree = "<group>"; };
		C088F97D160B7F27006D726D /* SinaWeiBoSDK.h */ = {isa = PBXFileReference; fileEncoding = 4; lastKnownFileType = sourcecode.c.h; path = SinaWeiBoSDK.h; sourceTree = "<group>"; };
		C088F97E160B7F27006D726D /* SinaWeiBoSDK.m */ = {isa = PBXFileReference; fileEncoding = 4; lastKnownFileType = sourcecode.c.objc; path = SinaWeiBoSDK.m; sourceTree = "<group>"; };
		C088F97F160B7F27006D726D /* SinaWeiBoSDK.xcodeproj */ = {isa = PBXFileReference; lastKnownFileType = "wrapper.pb-project"; path = SinaWeiBoSDK.xcodeproj; sourceTree = "<group>"; };
		C088F9A7160B813C006D726D /* Security.framework */ = {isa = PBXFileReference; lastKnownFileType = wrapper.framework; name = Security.framework; path = System/Library/Frameworks/Security.framework; sourceTree = SDKROOT; };
		C088F9AD160B8C23006D726D /* WXApi.h */ = {isa = PBXFileReference; fileEncoding = 4; lastKnownFileType = sourcecode.c.h; path = WXApi.h; sourceTree = "<group>"; };
		C088F9AE160B8C23006D726D /* WXApiObject.h */ = {isa = PBXFileReference; fileEncoding = 4; lastKnownFileType = sourcecode.c.h; path = WXApiObject.h; sourceTree = "<group>"; };
		C088F9AF160B8C24006D726D /* libWeChatSDK.a */ = {isa = PBXFileReference; lastKnownFileType = archive.ar; path = libWeChatSDK.a; sourceTree = "<group>"; };
		C0917A6A15FF252100D7E372 /* BusinessesViewController.h */ = {isa = PBXFileReference; fileEncoding = 4; lastKnownFileType = sourcecode.c.h; path = BusinessesViewController.h; sourceTree = "<group>"; };
		C0917A6B15FF252100D7E372 /* BusinessesViewController.m */ = {isa = PBXFileReference; fileEncoding = 4; lastKnownFileType = sourcecode.c.objc; path = BusinessesViewController.m; sourceTree = "<group>"; };
		C0917A6C15FF252100D7E372 /* BusinessesViewController.xib */ = {isa = PBXFileReference; fileEncoding = 4; lastKnownFileType = file.xib; path = BusinessesViewController.xib; sourceTree = "<group>"; };
		C0917A6F15FF253300D7E372 /* FindViewController.h */ = {isa = PBXFileReference; fileEncoding = 4; lastKnownFileType = sourcecode.c.h; path = FindViewController.h; sourceTree = "<group>"; };
		C0917A7015FF253300D7E372 /* FindViewController.m */ = {isa = PBXFileReference; fileEncoding = 4; lastKnownFileType = sourcecode.c.objc; path = FindViewController.m; sourceTree = "<group>"; };
		C0917A7115FF253300D7E372 /* FindViewController.xib */ = {isa = PBXFileReference; fileEncoding = 4; lastKnownFileType = file.xib; path = FindViewController.xib; sourceTree = "<group>"; };
		C0917A7415FF254200D7E372 /* CarkPacksViewController.h */ = {isa = PBXFileReference; fileEncoding = 4; lastKnownFileType = sourcecode.c.h; path = CarkPacksViewController.h; sourceTree = "<group>"; };
		C0917A7515FF254200D7E372 /* CarkPacksViewController.m */ = {isa = PBXFileReference; fileEncoding = 4; lastKnownFileType = sourcecode.c.objc; path = CarkPacksViewController.m; sourceTree = "<group>"; };
		C0917A7615FF254200D7E372 /* CarkPacksViewController.xib */ = {isa = PBXFileReference; fileEncoding = 4; lastKnownFileType = file.xib; path = CarkPacksViewController.xib; sourceTree = "<group>"; };
		C0917AA715FF2CF300D7E372 /* Error.h */ = {isa = PBXFileReference; fileEncoding = 4; lastKnownFileType = sourcecode.c.h; path = Error.h; sourceTree = "<group>"; };
		C0917AA815FF2CF300D7E372 /* Error.m */ = {isa = PBXFileReference; fileEncoding = 4; lastKnownFileType = sourcecode.c.objc; path = Error.m; sourceTree = "<group>"; };
		C0917AA915FF2CF300D7E372 /* PublicDefine.h */ = {isa = PBXFileReference; fileEncoding = 4; lastKnownFileType = sourcecode.c.h; path = PublicDefine.h; sourceTree = "<group>"; };
		C0917AAA15FF2CF300D7E372 /* Global.h */ = {isa = PBXFileReference; fileEncoding = 4; lastKnownFileType = sourcecode.c.h; path = Global.h; sourceTree = "<group>"; };
		C0917AAB15FF2CF300D7E372 /* Global.m */ = {isa = PBXFileReference; fileEncoding = 4; lastKnownFileType = sourcecode.c.objc; path = Global.m; sourceTree = "<group>"; };
		C0917ABA160254C600D7E372 /* SearchView.h */ = {isa = PBXFileReference; fileEncoding = 4; lastKnownFileType = sourcecode.c.h; path = SearchView.h; sourceTree = "<group>"; };
		C0917ABB160254C700D7E372 /* SearchView.m */ = {isa = PBXFileReference; fileEncoding = 4; lastKnownFileType = sourcecode.c.objc; path = SearchView.m; sourceTree = "<group>"; };
		C09B9DDC1602622E008D12EA /* UISearchBarBookmarks.png */ = {isa = PBXFileReference; lastKnownFileType = image.png; path = UISearchBarBookmarks.png; sourceTree = "<group>"; };
		C09B9DDD1602622E008D12EA /* UISearchBarBookmarks@2x.png */ = {isa = PBXFileReference; lastKnownFileType = image.png; path = "UISearchBarBookmarks@2x.png"; sourceTree = "<group>"; };
		C09B9DDE1602622E008D12EA /* UISearchBarBookmarksPressed.png */ = {isa = PBXFileReference; lastKnownFileType = image.png; path = UISearchBarBookmarksPressed.png; sourceTree = "<group>"; };
		C09B9DDF1602622E008D12EA /* UISearchBarBookmarksPressed@2x.png */ = {isa = PBXFileReference; lastKnownFileType = image.png; path = "UISearchBarBookmarksPressed@2x.png"; sourceTree = "<group>"; };
		C09B9DEA160622B0008D12EA /* MKEntryPanel.h */ = {isa = PBXFileReference; fileEncoding = 4; lastKnownFileType = sourcecode.c.h; path = MKEntryPanel.h; sourceTree = "<group>"; };
		C09B9DEB160622B0008D12EA /* MKEntryPanel.m */ = {isa = PBXFileReference; fileEncoding = 4; lastKnownFileType = sourcecode.c.objc; path = MKEntryPanel.m; sourceTree = "<group>"; };
		C09B9DEC160622B0008D12EA /* MKEntryPanel.xib */ = {isa = PBXFileReference; fileEncoding = 4; lastKnownFileType = file.xib; path = MKEntryPanel.xib; sourceTree = "<group>"; };
		C09B9DED160622B0008D12EA /* TopBar.png */ = {isa = PBXFileReference; lastKnownFileType = image.png; path = TopBar.png; sourceTree = "<group>"; };
		C09B9DEE160622B0008D12EA /* TopBar@2x.png */ = {isa = PBXFileReference; lastKnownFileType = image.png; path = "TopBar@2x.png"; sourceTree = "<group>"; };
		C0BAC54D15DCE21D00FF7E04 /* PagePhotosDataSource.h */ = {isa = PBXFileReference; fileEncoding = 4; lastKnownFileType = sourcecode.c.h; path = PagePhotosDataSource.h; sourceTree = "<group>"; };
		C0BAC54E15DCE21D00FF7E04 /* PagePhotosView.h */ = {isa = PBXFileReference; fileEncoding = 4; lastKnownFileType = sourcecode.c.h; path = PagePhotosView.h; sourceTree = "<group>"; };
		C0BAC54F15DCE21E00FF7E04 /* PagePhotosView.m */ = {isa = PBXFileReference; fileEncoding = 4; lastKnownFileType = sourcecode.c.objc; path = PagePhotosView.m; sourceTree = "<group>"; };
		C0BAC55215DCE58800FF7E04 /* 1933_1.jpg */ = {isa = PBXFileReference; lastKnownFileType = image.jpeg; path = 1933_1.jpg; sourceTree = "<group>"; };
		C0BAC55315DCE58800FF7E04 /* 1933_2.jpg */ = {isa = PBXFileReference; lastKnownFileType = image.jpeg; path = 1933_2.jpg; sourceTree = "<group>"; };
		C0BAC55415DCE58800FF7E04 /* 1933_3.jpg */ = {isa = PBXFileReference; lastKnownFileType = image.jpeg; path = 1933_3.jpg; sourceTree = "<group>"; };
		C0BAC55515DCE58800FF7E04 /* 1933_4.jpg */ = {isa = PBXFileReference; lastKnownFileType = image.jpeg; path = 1933_4.jpg; sourceTree = "<group>"; };
		C0BAC55615DCE58800FF7E04 /* 1933_5.jpg */ = {isa = PBXFileReference; lastKnownFileType = image.jpeg; path = 1933_5.jpg; sourceTree = "<group>"; };
		C0BAC56015DD005200FF7E04 /* home.png */ = {isa = PBXFileReference; lastKnownFileType = image.png; path = home.png; sourceTree = "<group>"; };
		C0BAC56215DD018800FF7E04 /* fav.png */ = {isa = PBXFileReference; lastKnownFileType = image.png; path = fav.png; sourceTree = "<group>"; };
		C0BAC56415DD019A00FF7E04 /* search.png */ = {isa = PBXFileReference; lastKnownFileType = image.png; path = search.png; sourceTree = "<group>"; };
		C0BAC56615E200EC00FF7E04 /* QuartzCore.framework */ = {isa = PBXFileReference; lastKnownFileType = wrapper.framework; name = QuartzCore.framework; path = System/Library/Frameworks/QuartzCore.framework; sourceTree = SDKROOT; };
		C0C442CA160B6288004511C3 /* bq.png */ = {isa = PBXFileReference; lastKnownFileType = image.png; path = bq.png; sourceTree = "<group>"; };
		C0E5BDF515D8C219009004E6 /* HomeViewController.h */ = {isa = PBXFileReference; fileEncoding = 4; lastKnownFileType = sourcecode.c.h; path = HomeViewController.h; sourceTree = "<group>"; };
		C0E5BDF615D8C219009004E6 /* HomeViewController.m */ = {isa = PBXFileReference; fileEncoding = 4; lastKnownFileType = sourcecode.c.objc; path = HomeViewController.m; sourceTree = "<group>"; };
		C0E5BDF715D8C219009004E6 /* HomeViewController.xib */ = {isa = PBXFileReference; fileEncoding = 4; lastKnownFileType = file.xib; path = HomeViewController.xib; sourceTree = "<group>"; };
		C0E5BDFB15D8C254009004E6 /* CouponViewController.h */ = {isa = PBXFileReference; fileEncoding = 4; lastKnownFileType = sourcecode.c.h; path = CouponViewController.h; sourceTree = "<group>"; };
		C0E5BDFC15D8C254009004E6 /* CouponViewController.m */ = {isa = PBXFileReference; fileEncoding = 4; lastKnownFileType = sourcecode.c.objc; path = CouponViewController.m; sourceTree = "<group>"; };
		C0E5BDFD15D8C254009004E6 /* CouponViewController.xib */ = {isa = PBXFileReference; fileEncoding = 4; lastKnownFileType = file.xib; path = CouponViewController.xib; sourceTree = "<group>"; };
		C0E5BE0015D8C267009004E6 /* AroundViewController.h */ = {isa = PBXFileReference; fileEncoding = 4; lastKnownFileType = sourcecode.c.h; path = AroundViewController.h; sourceTree = "<group>"; };
		C0E5BE0115D8C267009004E6 /* AroundViewController.m */ = {isa = PBXFileReference; fileEncoding = 4; lastKnownFileType = sourcecode.c.objc; path = AroundViewController.m; sourceTree = "<group>"; };
		C0E5BE0215D8C267009004E6 /* AroundViewController.xib */ = {isa = PBXFileReference; fileEncoding = 4; lastKnownFileType = file.xib; path = AroundViewController.xib; sourceTree = "<group>"; };
		C0E5BE0515D8C276009004E6 /* MyViewController.h */ = {isa = PBXFileReference; fileEncoding = 4; lastKnownFileType = sourcecode.c.h; path = MyViewController.h; sourceTree = "<group>"; };
		C0E5BE0615D8C276009004E6 /* MyViewController.m */ = {isa = PBXFileReference; fileEncoding = 4; lastKnownFileType = sourcecode.c.objc; path = MyViewController.m; sourceTree = "<group>"; };
		C0E5BE0715D8C276009004E6 /* MyViewController.xib */ = {isa = PBXFileReference; fileEncoding = 4; lastKnownFileType = file.xib; path = MyViewController.xib; sourceTree = "<group>"; };
		C0E5BE0F15D8C743009004E6 /* 01.jpg */ = {isa = PBXFileReference; lastKnownFileType = image.jpeg; path = 01.jpg; sourceTree = "<group>"; };
		C0E5BE1015D8C743009004E6 /* 02.jpg */ = {isa = PBXFileReference; lastKnownFileType = image.jpeg; path = 02.jpg; sourceTree = "<group>"; };
		C0E5BE1115D8C743009004E6 /* 03.jpg */ = {isa = PBXFileReference; lastKnownFileType = image.jpeg; path = 03.jpg; sourceTree = "<group>"; };
		C0E5BE1215D8C743009004E6 /* 04.jpg */ = {isa = PBXFileReference; lastKnownFileType = image.jpeg; path = 04.jpg; sourceTree = "<group>"; };
		C0E5BE1315D8C743009004E6 /* 05.jpg */ = {isa = PBXFileReference; lastKnownFileType = image.jpeg; path = 05.jpg; sourceTree = "<group>"; };
		C0F70C9215EB3631002CDFC9 /* CoreData.framework */ = {isa = PBXFileReference; lastKnownFileType = wrapper.framework; name = CoreData.framework; path = System/Library/Frameworks/CoreData.framework; sourceTree = SDKROOT; };
		C0F70C9915EB5304002CDFC9 /* AZGenieView.h */ = {isa = PBXFileReference; lastKnownFileType = sourcecode.c.h; path = AZGenieView.h; sourceTree = "<group>"; };
		C0F70C9A15EB5304002CDFC9 /* AZGenieView.m */ = {isa = PBXFileReference; lastKnownFileType = sourcecode.c.objc; path = AZGenieView.m; sourceTree = "<group>"; };
/* End PBXFileReference section */

/* Begin PBXFrameworksBuildPhase section */
		6818C0C215AD3CD4000EF6A7 /* Frameworks */ = {
			isa = PBXFrameworksBuildPhase;
			buildActionMask = 2147483647;
			files = (
				C088F9A8160B813C006D726D /* Security.framework in Frameworks */,
				C088F8C1160B76D2006D726D /* CoreLocation.framework in Frameworks */,
				C088F8BF160B749A006D726D /* MapKit.framework in Frameworks */,
				C0F70C9315EB3631002CDFC9 /* CoreData.framework in Frameworks */,
				C0BAC56715E200ED00FF7E04 /* QuartzCore.framework in Frameworks */,
				6818C0EE15AD5732000EF6A7 /* libz.dylib in Frameworks */,
				6818C0CA15AD3CD4000EF6A7 /* UIKit.framework in Frameworks */,
				6818C0CC15AD3CD4000EF6A7 /* Foundation.framework in Frameworks */,
				6818C0CE15AD3CD4000EF6A7 /* CoreGraphics.framework in Frameworks */,
				6818C0EC15AD509C000EF6A7 /* libMobClickLibrary.a in Frameworks */,
				C088F9B0160B8C24006D726D /* libWeChatSDK.a in Frameworks */,
			);
			runOnlyForDeploymentPostprocessing = 0;
		};
/* End PBXFrameworksBuildPhase section */

/* Begin PBXGroup section */
		6818C0BA15AD3CD4000EF6A7 = {
			isa = PBXGroup;
			children = (
				6818C0CF15AD3CD4000EF6A7 /* shen1d */,
				6818C0C815AD3CD4000EF6A7 /* Frameworks */,
				6818C0C615AD3CD4000EF6A7 /* Products */,
			);
			sourceTree = "<group>";
		};
		6818C0C615AD3CD4000EF6A7 /* Products */ = {
			isa = PBXGroup;
			children = (
				6818C0C515AD3CD4000EF6A7 /* shen1d.app */,
			);
			name = Products;
			sourceTree = "<group>";
		};
		6818C0C815AD3CD4000EF6A7 /* Frameworks */ = {
			isa = PBXGroup;
			children = (
				C088F9A7160B813C006D726D /* Security.framework */,
				C088F8C0160B76D2006D726D /* CoreLocation.framework */,
				C088F8BE160B749A006D726D /* MapKit.framework */,
				6818C0ED15AD5732000EF6A7 /* libz.dylib */,
				C0F70C9215EB3631002CDFC9 /* CoreData.framework */,
				C0BAC56615E200EC00FF7E04 /* QuartzCore.framework */,
				6818C0C915AD3CD4000EF6A7 /* UIKit.framework */,
				6818C0CB15AD3CD4000EF6A7 /* Foundation.framework */,
				6818C0CD15AD3CD4000EF6A7 /* CoreGraphics.framework */,
			);
			name = Frameworks;
			sourceTree = "<group>";
		};
		6818C0CF15AD3CD4000EF6A7 /* shen1d */ = {
			isa = PBXGroup;
			children = (
				C0917AA215FF2C8800D7E372 /* Global */,
				C0E5BE0A15D8C28D009004E6 /* ViewController */,
				6818C0EA15AD509C000EF6A7 /* libMobClickLibrary.a */,
				6818C0EB15AD509C000EF6A7 /* MobClick.h */,
				6818C0D815AD3CD4000EF6A7 /* AppDelegate.h */,
				6818C0D915AD3CD4000EF6A7 /* AppDelegate.m */,
				6890AA0815BD33D000392E94 /* Test1ViewController.h */,
				6890AA0915BD33D000392E94 /* Test1ViewController.m */,
				6890AA0A15BD33D000392E94 /* Test1ViewController.xib */,
				6890AA1415BD38CD00392E94 /* Test2ViewController.h */,
				6890AA1515BD38CD00392E94 /* Test2ViewController.m */,
				6890AA1615BD38CD00392E94 /* Test2ViewController.xib */,
				6818C0D015AD3CD4000EF6A7 /* Supporting Files */,
			);
			path = shen1d;
			sourceTree = "<group>";
		};
		6818C0D015AD3CD4000EF6A7 /* Supporting Files */ = {
			isa = PBXGroup;
			children = (
				C0C442CA160B6288004511C3 /* bq.png */,
				C02D9FC3160718E3005D7F57 /* 2wm.png */,
				C02D9FB41607016D005D7F57 /* jtjl.png */,
				C02D9FB51607016D005D7F57 /* xbk.png */,
				C02D9FB61607016D005D7F57 /* ymamdl.png */,
				C09B9DDC1602622E008D12EA /* UISearchBarBookmarks.png */,
				C09B9DDD1602622E008D12EA /* UISearchBarBookmarks@2x.png */,
				C09B9DDE1602622E008D12EA /* UISearchBarBookmarksPressed.png */,
				C09B9DDF1602622E008D12EA /* UISearchBarBookmarksPressed@2x.png */,
				C0BAC55215DCE58800FF7E04 /* 1933_1.jpg */,
				C0BAC55315DCE58800FF7E04 /* 1933_2.jpg */,
				C0BAC55415DCE58800FF7E04 /* 1933_3.jpg */,
				C0BAC55515DCE58800FF7E04 /* 1933_4.jpg */,
				C0BAC55615DCE58800FF7E04 /* 1933_5.jpg */,
				C0E5BE0F15D8C743009004E6 /* 01.jpg */,
				C0E5BE1015D8C743009004E6 /* 02.jpg */,
				C0E5BE1115D8C743009004E6 /* 03.jpg */,
				C0E5BE1215D8C743009004E6 /* 04.jpg */,
				C0E5BE1315D8C743009004E6 /* 05.jpg */,
				C0BAC56415DD019A00FF7E04 /* search.png */,
				C0BAC56215DD018800FF7E04 /* fav.png */,
				C0BAC56015DD005200FF7E04 /* home.png */,
				6890AA1215BD352300392E94 /* startLog.jpg */,
				6818C0D115AD3CD4000EF6A7 /* shen1d-Info.plist */,
				6818C0D215AD3CD4000EF6A7 /* InfoPlist.strings */,
				6818C0D515AD3CD4000EF6A7 /* main.m */,
				6818C0D715AD3CD4000EF6A7 /* shen1d-Prefix.pch */,
			);
			name = "Supporting Files";
			sourceTree = "<group>";
		};
		C02D9FA21606ED6D005D7F57 /* TSPopover */ = {
			isa = PBXGroup;
			children = (
				C02D9FA41606ED95005D7F57 /* TSActionSheet.h */,
				C02D9FAA1606ED95005D7F57 /* TSActionSheet.m */,
				C02D9FA51606ED95005D7F57 /* TSPopoverController.h */,
				C02D9FAB1606ED95005D7F57 /* TSPopoverController.m */,
				C02D9FA61606ED95005D7F57 /* TSPopoverPopoverView.h */,
				C02D9FAC1606ED95005D7F57 /* TSPopoverPopoverView.m */,
				C02D9FA71606ED95005D7F57 /* TSPopoverTouchesDelegate.h */,
				C02D9FA81606ED95005D7F57 /* TSPopoverTouchView.h */,
				C02D9FAD1606ED95005D7F57 /* TSPopoverTouchView.m */,
				C02D9FA91606ED95005D7F57 /* UIBarButtonItem+WEPopover.h */,
				C02D9FAE1606ED95005D7F57 /* UIBarButtonItem+WEPopover.m */,
			);
			name = TSPopover;
			sourceTree = "<group>";
		};
		C088F940160B7F27006D726D /* src */ = {
			isa = PBXGroup;
			children = (
				C088F941160B7F27006D726D /* SinaWeiBoSDK */,
			);
			path = src;
			sourceTree = "<group>";
		};
		C088F941160B7F27006D726D /* SinaWeiBoSDK */ = {
			isa = PBXGroup;
			children = (
				C088F942160B7F27006D726D /* SinaWeiBoSDK */,
				C088F97F160B7F27006D726D /* SinaWeiBoSDK.xcodeproj */,
			);
			path = SinaWeiBoSDK;
			sourceTree = "<group>";
		};
		C088F942160B7F27006D726D /* SinaWeiBoSDK */ = {
			isa = PBXGroup;
			children = (
				C088F943160B7F27006D726D /* SinaWeiBoSDK */,
				C088F97C160B7F27006D726D /* SinaWeiBoSDK-Prefix.pch */,
				C088F97D160B7F27006D726D /* SinaWeiBoSDK.h */,
				C088F97E160B7F27006D726D /* SinaWeiBoSDK.m */,
			);
			path = SinaWeiBoSDK;
			sourceTree = "<group>";
		};
		C088F943160B7F27006D726D /* SinaWeiBoSDK */ = {
			isa = PBXGroup;
			children = (
				C088F944160B7F27006D726D /* CTMBase64 */,
				C088F948160B7F27006D726D /* Localizable.strings */,
				C088F94A160B7F27006D726D /* Resource */,
				C088F95A160B7F27006D726D /* SBJSON */,
				C088F968160B7F27006D726D /* SFHFKeychainUtils */,
				C088F96B160B7F27006D726D /* WBAuthorize.h */,
				C088F96C160B7F27006D726D /* WBAuthorize.m */,
				C088F96D160B7F27006D726D /* WBAuthorizeWebView.h */,
				C088F96E160B7F27006D726D /* WBAuthorizeWebView.m */,
				C088F96F160B7F27006D726D /* WBEngine.h */,
				C088F970160B7F27006D726D /* WBEngine.m */,
				C088F971160B7F27006D726D /* WBLogInAlertView.h */,
				C088F972160B7F27006D726D /* WBLogInAlertView.m */,
				C088F973160B7F27006D726D /* WBRequest.h */,
				C088F974160B7F27006D726D /* WBRequest.m */,
				C088F975160B7F27006D726D /* WBSDKGlobal.h */,
				C088F976160B7F27006D726D /* WBSendView.h */,
				C088F977160B7F27006D726D /* WBSendView.m */,
				C088F978160B7F27006D726D /* WBUtil.h */,
				C088F979160B7F27006D726D /* WBUtil.m */,
			);
			path = SinaWeiBoSDK;
			sourceTree = "<group>";
		};
		C088F944160B7F27006D726D /* CTMBase64 */ = {
			isa = PBXGroup;
			children = (
				C088F945160B7F27006D726D /* GTMBase64.h */,
				C088F946160B7F27006D726D /* GTMBase64.m */,
				C088F947160B7F27006D726D /* GTMDefines.h */,
			);
			path = CTMBase64;
			sourceTree = "<group>";
		};
		C088F94A160B7F27006D726D /* Resource */ = {
			isa = PBXGroup;
			children = (
				C088F94B160B7F27006D726D /* Images */,
			);
			path = Resource;
			sourceTree = "<group>";
		};
		C088F94B160B7F27006D726D /* Images */ = {
			isa = PBXGroup;
			children = (
				C088F94C160B7F27006D726D /* bg.png */,
				C088F94D160B7F27006D726D /* bg@2x.png */,
				C088F94E160B7F27006D726D /* bg_land.png */,
				C088F94F160B7F27006D726D /* bg_land@2x.png */,
				C088F950160B7F27006D726D /* btn.png */,
				C088F951160B7F27006D726D /* btn@2x.png */,
				C088F952160B7F27006D726D /* close.png */,
				C088F953160B7F27006D726D /* close@2x.png */,
				C088F954160B7F27006D726D /* close_btn.png */,
				C088F955160B7F27006D726D /* close_btn@2x.png */,
				C088F956160B7F27006D726D /* delete.png */,
				C088F957160B7F27006D726D /* delete@2x.png */,
				C088F958160B7F27006D726D /* logo.png */,
				C088F959160B7F27006D726D /* logo@2x.png */,
			);
			path = Images;
			sourceTree = "<group>";
		};
		C088F95A160B7F27006D726D /* SBJSON */ = {
			isa = PBXGroup;
			children = (
				C0622C92160EF43000111E54 /* NSObject+SBJson.h */,
				C0622C93160EF43000111E54 /* NSObject+SBJson.m */,
				C0622C94160EF43000111E54 /* SBJson.h */,
				C0622C95160EF43000111E54 /* SBJsonParser.h */,
				C0622C96160EF43000111E54 /* SBJsonParser.m */,
				C0622C97160EF43000111E54 /* SBJsonStreamParser.h */,
				C0622C98160EF43000111E54 /* SBJsonStreamParser.m */,
				C0622C99160EF43000111E54 /* SBJsonStreamParserAccumulator.h */,
				C0622C9A160EF43000111E54 /* SBJsonStreamParserAccumulator.m */,
				C0622C9B160EF43000111E54 /* SBJsonStreamParserAdapter.h */,
				C0622C9C160EF43000111E54 /* SBJsonStreamParserAdapter.m */,
				C0622C9D160EF43000111E54 /* SBJsonStreamParserState.h */,
				C0622C9E160EF43000111E54 /* SBJsonStreamParserState.m */,
				C0622C9F160EF43000111E54 /* SBJsonStreamWriter.h */,
				C0622CA0160EF43000111E54 /* SBJsonStreamWriter.m */,
				C0622CA1160EF43000111E54 /* SBJsonStreamWriterAccumulator.h */,
				C0622CA2160EF43000111E54 /* SBJsonStreamWriterAccumulator.m */,
				C0622CA3160EF43000111E54 /* SBJsonStreamWriterState.h */,
				C0622CA4160EF43000111E54 /* SBJsonStreamWriterState.m */,
				C0622CA5160EF43000111E54 /* SBJsonTokeniser.h */,
				C0622CA6160EF43000111E54 /* SBJsonTokeniser.m */,
				C0622CA7160EF43000111E54 /* SBJsonUTF8Stream.h */,
				C0622CA8160EF43000111E54 /* SBJsonUTF8Stream.m */,
				C0622CA9160EF43000111E54 /* SBJsonWriter.h */,
				C0622CAA160EF43000111E54 /* SBJsonWriter.m */,
			);
			path = SBJSON;
			sourceTree = "<group>";
		};
		C088F968160B7F27006D726D /* SFHFKeychainUtils */ = {
			isa = PBXGroup;
			children = (
				C088F969160B7F27006D726D /* SFHFKeychainUtils.h */,
				C088F96A160B7F27006D726D /* SFHFKeychainUtils.m */,
			);
			path = SFHFKeychainUtils;
			sourceTree = "<group>";
		};
		C088F980160B7F27006D726D /* Products */ = {
			isa = PBXGroup;
			children = (
				C088F9A6160B7F28006D726D /* libSinaWeiBoSDK.a */,
			);
			name = Products;
			sourceTree = "<group>";
		};
		C0917A6515FF221700D7E372 /* CarkPacks */ = {
			isa = PBXGroup;
			children = (
				C0917A7415FF254200D7E372 /* CarkPacksViewController.h */,
				C0917A7515FF254200D7E372 /* CarkPacksViewController.m */,
				C0917A7615FF254200D7E372 /* CarkPacksViewController.xib */,
			);
			name = CarkPacks;
			sourceTree = "<group>";
		};
		C0917A6715FF22C100D7E372 /* Dynamics */ = {
			isa = PBXGroup;
			children = (
				C0E5BE0E15D8C2D2009004E6 /* My */,
				C0622CD61614159600111E54 /* TrendsViewController.h */,
				C0622CD71614159600111E54 /* TrendsViewController.m */,
				C0622CD81614159700111E54 /* TrendsViewController.xib */,
				C0622CDB161437C700111E54 /* PersonalCenterView.h */,
				C0622CDC161437C700111E54 /* PersonalCenterView.m */,
			);
			name = Dynamics;
			sourceTree = "<group>";
		};
		C0917A6815FF242700D7E372 /* Find */ = {
			isa = PBXGroup;
			children = (
				C088F940160B7F27006D726D /* src */,
				C088F9AD160B8C23006D726D /* WXApi.h */,
				C088F9AE160B8C23006D726D /* WXApiObject.h */,
				C088F9AF160B8C24006D726D /* libWeChatSDK.a */,
				C0917A6F15FF253300D7E372 /* FindViewController.h */,
				C0917A7015FF253300D7E372 /* FindViewController.m */,
				C0917A7115FF253300D7E372 /* FindViewController.xib */,
				C02D9FBA16070AD6005D7F57 /* CardViewController.h */,
				C02D9FBB16070AD6005D7F57 /* CardViewController.m */,
				C02D9FBC16070AD6005D7F57 /* CardViewController.xib */,
				C0F70C9915EB5304002CDFC9 /* AZGenieView.h */,
				C0F70C9A15EB5304002CDFC9 /* AZGenieView.m */,
				C02D9FC5160B0937005D7F57 /* CardBackView.h */,
				C02D9FC6160B0937005D7F57 /* CardBackView.m */,
				C088F8B8160B72DD006D726D /* MapViewController.h */,
				C088F8B9160B72DD006D726D /* MapViewController.m */,
				C088F8BA160B72DD006D726D /* MapViewController.xib */,
				C088F8C2160B7934006D726D /* Annotation.h */,
				C088F8C3160B7934006D726D /* Annotation.m */,
			);
			name = Find;
			sourceTree = "<group>";
		};
		C0917A6915FF246200D7E372 /* Businesses */ = {
			isa = PBXGroup;
			children = (
				C02D9FA21606ED6D005D7F57 /* TSPopover */,
				C09B9DE91606229C008D12EA /* MKEntryPanel */,
				C0917A6A15FF252100D7E372 /* BusinessesViewController.h */,
				C0917A6B15FF252100D7E372 /* BusinessesViewController.m */,
				C0917A6C15FF252100D7E372 /* BusinessesViewController.xib */,
				C0917ABA160254C600D7E372 /* SearchView.h */,
				C0917ABB160254C700D7E372 /* SearchView.m */,
			);
			name = Businesses;
			sourceTree = "<group>";
		};
		C0917AA215FF2C8800D7E372 /* Global */ = {
			isa = PBXGroup;
			children = (
				C0917AA715FF2CF300D7E372 /* Error.h */,
				C0917AA815FF2CF300D7E372 /* Error.m */,
				C0917AA915FF2CF300D7E372 /* PublicDefine.h */,
				C0917AAA15FF2CF300D7E372 /* Global.h */,
				C0917AAB15FF2CF300D7E372 /* Global.m */,
			);
			name = Global;
			sourceTree = "<group>";
		};
		C09B9DE91606229C008D12EA /* MKEntryPanel */ = {
			isa = PBXGroup;
			children = (
				C09B9DEA160622B0008D12EA /* MKEntryPanel.h */,
				C09B9DEB160622B0008D12EA /* MKEntryPanel.m */,
				C09B9DEC160622B0008D12EA /* MKEntryPanel.xib */,
				C09B9DED160622B0008D12EA /* TopBar.png */,
				C09B9DEE160622B0008D12EA /* TopBar@2x.png */,
			);
			name = MKEntryPanel;
			sourceTree = "<group>";
		};
		C0E5BE0A15D8C28D009004E6 /* ViewController */ = {
			isa = PBXGroup;
			children = (
				C0E5BE0B15D8C2A2009004E6 /* Home */,
				C0917A6915FF246200D7E372 /* Businesses */,
				C0917A6815FF242700D7E372 /* Find */,
				C0917A6515FF221700D7E372 /* CarkPacks */,
				C0917A6715FF22C100D7E372 /* Dynamics */,
				6818C0DB15AD3CD4000EF6A7 /* ViewController.h */,
				6818C0DC15AD3CD4000EF6A7 /* ViewController.m */,
				6818C0DE15AD3CD4000EF6A7 /* ViewController.xib */,
				C0E5BE0C15D8C2BF009004E6 /* Coupon */,
				C0E5BE0D15D8C2CA009004E6 /* Around */,
			);
			name = ViewController;
			sourceTree = "<group>";
		};
		C0E5BE0B15D8C2A2009004E6 /* Home */ = {
			isa = PBXGroup;
			children = (
				C0BAC54D15DCE21D00FF7E04 /* PagePhotosDataSource.h */,
				C0BAC54E15DCE21D00FF7E04 /* PagePhotosView.h */,
				C0BAC54F15DCE21E00FF7E04 /* PagePhotosView.m */,
				C0E5BDF515D8C219009004E6 /* HomeViewController.h */,
				C0E5BDF615D8C219009004E6 /* HomeViewController.m */,
				C0E5BDF715D8C219009004E6 /* HomeViewController.xib */,
			);
			name = Home;
			sourceTree = "<group>";
		};
		C0E5BE0C15D8C2BF009004E6 /* Coupon */ = {
			isa = PBXGroup;
			children = (
				C0E5BDFB15D8C254009004E6 /* CouponViewController.h */,
				C0E5BDFC15D8C254009004E6 /* CouponViewController.m */,
				C0E5BDFD15D8C254009004E6 /* CouponViewController.xib */,
			);
			name = Coupon;
			sourceTree = "<group>";
		};
		C0E5BE0D15D8C2CA009004E6 /* Around */ = {
			isa = PBXGroup;
			children = (
				C0E5BE0015D8C267009004E6 /* AroundViewController.h */,
				C0E5BE0115D8C267009004E6 /* AroundViewController.m */,
				C0E5BE0215D8C267009004E6 /* AroundViewController.xib */,
			);
			name = Around;
			sourceTree = "<group>";
		};
		C0E5BE0E15D8C2D2009004E6 /* My */ = {
			isa = PBXGroup;
			children = (
				C0E5BE0515D8C276009004E6 /* MyViewController.h */,
				C0E5BE0615D8C276009004E6 /* MyViewController.m */,
				C0E5BE0715D8C276009004E6 /* MyViewController.xib */,
			);
			name = My;
			sourceTree = "<group>";
		};
/* End PBXGroup section */

/* Begin PBXNativeTarget section */
		6818C0C415AD3CD4000EF6A7 /* shen1d */ = {
			isa = PBXNativeTarget;
			buildConfigurationList = 6818C0E315AD3CD4000EF6A7 /* Build configuration list for PBXNativeTarget "shen1d" */;
			buildPhases = (
				6818C0C115AD3CD4000EF6A7 /* Sources */,
				6818C0C215AD3CD4000EF6A7 /* Frameworks */,
				6818C0C315AD3CD4000EF6A7 /* Resources */,
			);
			buildRules = (
			);
			dependencies = (
			);
			name = shen1d;
			productName = shen1d;
			productReference = 6818C0C515AD3CD4000EF6A7 /* shen1d.app */;
			productType = "com.apple.product-type.application";
		};
/* End PBXNativeTarget section */

/* Begin PBXProject section */
		6818C0BC15AD3CD4000EF6A7 /* Project object */ = {
			isa = PBXProject;
			attributes = {
				LastUpgradeCheck = 0430;
			};
			buildConfigurationList = 6818C0BF15AD3CD4000EF6A7 /* Build configuration list for PBXProject "shen1d" */;
			compatibilityVersion = "Xcode 3.2";
			developmentRegion = English;
			hasScannedForEncodings = 0;
			knownRegions = (
				en,
				"zh-Hans",
				"zh-Hant",
			);
			mainGroup = 6818C0BA15AD3CD4000EF6A7;
			productRefGroup = 6818C0C615AD3CD4000EF6A7 /* Products */;
			projectDirPath = "";
			projectReferences = (
				{
					ProductGroup = C088F980160B7F27006D726D /* Products */;
					ProjectRef = C088F97F160B7F27006D726D /* SinaWeiBoSDK.xcodeproj */;
				},
			);
			projectRoot = "";
			targets = (
				6818C0C415AD3CD4000EF6A7 /* shen1d */,
			);
		};
/* End PBXProject section */

/* Begin PBXReferenceProxy section */
		C088F9A6160B7F28006D726D /* libSinaWeiBoSDK.a */ = {
			isa = PBXReferenceProxy;
			fileType = archive.ar;
			path = libSinaWeiBoSDK.a;
			remoteRef = C088F9A5160B7F28006D726D /* PBXContainerItemProxy */;
			sourceTree = BUILT_PRODUCTS_DIR;
		};
/* End PBXReferenceProxy section */

/* Begin PBXResourcesBuildPhase section */
		6818C0C315AD3CD4000EF6A7 /* Resources */ = {
			isa = PBXResourcesBuildPhase;
			buildActionMask = 2147483647;
			files = (
				6818C0D415AD3CD4000EF6A7 /* InfoPlist.strings in Resources */,
				6818C0E015AD3CD4000EF6A7 /* ViewController.xib in Resources */,
				6890AA0C15BD33D000392E94 /* Test1ViewController.xib in Resources */,
				6890AA1315BD352300392E94 /* startLog.jpg in Resources */,
				6890AA1815BD38CD00392E94 /* Test2ViewController.xib in Resources */,
				C0E5BDF915D8C219009004E6 /* HomeViewController.xib in Resources */,
				C0E5BDFF15D8C254009004E6 /* CouponViewController.xib in Resources */,
				C0E5BE0415D8C267009004E6 /* AroundViewController.xib in Resources */,
				C0E5BE0915D8C276009004E6 /* MyViewController.xib in Resources */,
				C0E5BE1415D8C743009004E6 /* 01.jpg in Resources */,
				C0E5BE1515D8C743009004E6 /* 02.jpg in Resources */,
				C0E5BE1615D8C743009004E6 /* 03.jpg in Resources */,
				C0E5BE1715D8C743009004E6 /* 04.jpg in Resources */,
				C0E5BE1815D8C743009004E6 /* 05.jpg in Resources */,
				C0BAC55715DCE58800FF7E04 /* 1933_1.jpg in Resources */,
				C0BAC55815DCE58800FF7E04 /* 1933_2.jpg in Resources */,
				C0BAC55915DCE58800FF7E04 /* 1933_3.jpg in Resources */,
				C0BAC55A15DCE58800FF7E04 /* 1933_4.jpg in Resources */,
				C0BAC55B15DCE58800FF7E04 /* 1933_5.jpg in Resources */,
				C0BAC56115DD005200FF7E04 /* home.png in Resources */,
				C0BAC56315DD018800FF7E04 /* fav.png in Resources */,
				C0BAC56515DD019B00FF7E04 /* search.png in Resources */,
				C0917A6E15FF252100D7E372 /* BusinessesViewController.xib in Resources */,
				C0917A7315FF253300D7E372 /* FindViewController.xib in Resources */,
				C0917A7815FF254200D7E372 /* CarkPacksViewController.xib in Resources */,
				C09B9DE01602622E008D12EA /* UISearchBarBookmarks.png in Resources */,
				C09B9DE11602622E008D12EA /* UISearchBarBookmarks@2x.png in Resources */,
				C09B9DE21602622E008D12EA /* UISearchBarBookmarksPressed.png in Resources */,
				C09B9DE31602622E008D12EA /* UISearchBarBookmarksPressed@2x.png in Resources */,
				C09B9DF0160622B0008D12EA /* MKEntryPanel.xib in Resources */,
				C09B9DF1160622B0008D12EA /* TopBar.png in Resources */,
				C09B9DF2160622B0008D12EA /* TopBar@2x.png in Resources */,
				C02D9FB71607016E005D7F57 /* jtjl.png in Resources */,
				C02D9FB81607016E005D7F57 /* xbk.png in Resources */,
				C02D9FB91607016E005D7F57 /* ymamdl.png in Resources */,
				C02D9FBE16070AD6005D7F57 /* CardViewController.xib in Resources */,
				C02D9FC4160718E4005D7F57 /* 2wm.png in Resources */,
				C0C442CB160B6288004511C3 /* bq.png in Resources */,
				C088F8BC160B72DD006D726D /* MapViewController.xib in Resources */,
				C088F986160B7F27006D726D /* Localizable.strings in Resources */,
				C088F987160B7F27006D726D /* bg.png in Resources */,
				C088F988160B7F27006D726D /* bg@2x.png in Resources */,
				C088F989160B7F27006D726D /* bg_land.png in Resources */,
				C088F98A160B7F27006D726D /* bg_land@2x.png in Resources */,
				C088F98B160B7F27006D726D /* btn.png in Resources */,
				C088F98C160B7F27006D726D /* btn@2x.png in Resources */,
				C088F98D160B7F27006D726D /* close.png in Resources */,
				C088F98E160B7F27006D726D /* close@2x.png in Resources */,
				C088F98F160B7F27006D726D /* close_btn.png in Resources */,
				C088F990160B7F27006D726D /* close_btn@2x.png in Resources */,
				C088F991160B7F27006D726D /* delete.png in Resources */,
				C088F992160B7F27006D726D /* delete@2x.png in Resources */,
				C088F993160B7F27006D726D /* logo.png in Resources */,
				C088F994160B7F27006D726D /* logo@2x.png in Resources */,
				C0622CDA1614159700111E54 /* TrendsViewController.xib in Resources */,
			);
			runOnlyForDeploymentPostprocessing = 0;
		};
/* End PBXResourcesBuildPhase section */

/* Begin PBXSourcesBuildPhase section */
		6818C0C115AD3CD4000EF6A7 /* Sources */ = {
			isa = PBXSourcesBuildPhase;
			buildActionMask = 2147483647;
			files = (
				C09B9DF41606244E008D12EA /* Error.m in Sources */,
				C09B9DF51606244E008D12EA /* Global.m in Sources */,
				C09B9DF61606244E008D12EA /* MKEntryPanel.m in Sources */,
				C09B9DF71606244E008D12EA /* SearchView.m in Sources */,
				C0F70C9C15EB61FF002CDFC9 /* AZGenieView.m in Sources */,
				6818C0D615AD3CD4000EF6A7 /* main.m in Sources */,
				6818C0DA15AD3CD4000EF6A7 /* AppDelegate.m in Sources */,
				6818C0DD15AD3CD4000EF6A7 /* ViewController.m in Sources */,
				6890AA0B15BD33D000392E94 /* Test1ViewController.m in Sources */,
				6890AA1715BD38CD00392E94 /* Test2ViewController.m in Sources */,
				C0E5BDF815D8C219009004E6 /* HomeViewController.m in Sources */,
				C0E5BDFE15D8C254009004E6 /* CouponViewController.m in Sources */,
				C0E5BE0315D8C267009004E6 /* AroundViewController.m in Sources */,
				C0E5BE0815D8C276009004E6 /* MyViewController.m in Sources */,
				C0BAC55015DCE21E00FF7E04 /* PagePhotosView.m in Sources */,
				C0917A6D15FF252100D7E372 /* BusinessesViewController.m in Sources */,
				C0917A7215FF253300D7E372 /* FindViewController.m in Sources */,
				C0917A7715FF254200D7E372 /* CarkPacksViewController.m in Sources */,
				C02D9FAF1606ED95005D7F57 /* TSActionSheet.m in Sources */,
				C02D9FB01606ED95005D7F57 /* TSPopoverController.m in Sources */,
				C02D9FB11606ED95005D7F57 /* TSPopoverPopoverView.m in Sources */,
				C02D9FB21606ED95005D7F57 /* TSPopoverTouchView.m in Sources */,
				C02D9FB31606ED95005D7F57 /* UIBarButtonItem+WEPopover.m in Sources */,
				C02D9FBD16070AD6005D7F57 /* CardViewController.m in Sources */,
				C02D9FC7160B0938005D7F57 /* CardBackView.m in Sources */,
				C088F8BB160B72DD006D726D /* MapViewController.m in Sources */,
				C088F8C4160B7935006D726D /* Annotation.m in Sources */,
				C088F985160B7F27006D726D /* GTMBase64.m in Sources */,
				C088F99B160B7F27006D726D /* SFHFKeychainUtils.m in Sources */,
				C088F99C160B7F27006D726D /* WBAuthorize.m in Sources */,
				C088F99D160B7F27006D726D /* WBAuthorizeWebView.m in Sources */,
				C088F99E160B7F27006D726D /* WBEngine.m in Sources */,
				C088F99F160B7F27006D726D /* WBLogInAlertView.m in Sources */,
				C088F9A0160B7F27006D726D /* WBRequest.m in Sources */,
				C088F9A1160B7F27006D726D /* WBSendView.m in Sources */,
				C088F9A2160B7F27006D726D /* WBUtil.m in Sources */,
				C088F9A3160B7F27006D726D /* SinaWeiBoSDK.m in Sources */,
				C0622CAB160EF43100111E54 /* NSObject+SBJson.m in Sources */,
				C0622CAC160EF43100111E54 /* SBJsonParser.m in Sources */,
				C0622CAD160EF43100111E54 /* SBJsonStreamParser.m in Sources */,
				C0622CAE160EF43100111E54 /* SBJsonStreamParserAccumulator.m in Sources */,
				C0622CAF160EF43100111E54 /* SBJsonStreamParserAdapter.m in Sources */,
				C0622CB0160EF43100111E54 /* SBJsonStreamParserState.m in Sources */,
				C0622CB1160EF43100111E54 /* SBJsonStreamWriter.m in Sources */,
				C0622CB2160EF43100111E54 /* SBJsonStreamWriterAccumulator.m in Sources */,
				C0622CB3160EF43100111E54 /* SBJsonStreamWriterState.m in Sources */,
				C0622CB4160EF43100111E54 /* SBJsonTokeniser.m in Sources */,
				C0622CB5160EF43100111E54 /* SBJsonUTF8Stream.m in Sources */,
				C0622CB6160EF43100111E54 /* SBJsonWriter.m in Sources */,
				C0622CD91614159700111E54 /* TrendsViewController.m in Sources */,
				C0622CDD161437C800111E54 /* PersonalCenterView.m in Sources */,
			);
			runOnlyForDeploymentPostprocessing = 0;
		};
/* End PBXSourcesBuildPhase section */

/* Begin PBXVariantGroup section */
		6818C0D215AD3CD4000EF6A7 /* InfoPlist.strings */ = {
			isa = PBXVariantGroup;
			children = (
				6818C0D315AD3CD4000EF6A7 /* en */,
			);
			name = InfoPlist.strings;
			sourceTree = "<group>";
		};
		6818C0DE15AD3CD4000EF6A7 /* ViewController.xib */ = {
			isa = PBXVariantGroup;
			children = (
				6818C0DF15AD3CD4000EF6A7 /* en */,
			);
			name = ViewController.xib;
			sourceTree = "<group>";
		};
		C088F948160B7F27006D726D /* Localizable.strings */ = {
			isa = PBXVariantGroup;
			children = (
				C088F949160B7F27006D726D /* en */,
				C088F97A160B7F27006D726D /* zh-Hans */,
				C088F97B160B7F27006D726D /* zh-Hant */,
			);
			name = Localizable.strings;
			sourceTree = "<group>";
		};
/* End PBXVariantGroup section */

/* Begin XCBuildConfiguration section */
		6818C0E115AD3CD4000EF6A7 /* Debug */ = {
			isa = XCBuildConfiguration;
			buildSettings = {
				ALWAYS_SEARCH_USER_PATHS = NO;
				ARCHS = "$(ARCHS_STANDARD_32_BIT)";
				CLANG_ENABLE_OBJC_ARC = YES;
				CODE_SIGN_IDENTITY = "";
				"CODE_SIGN_IDENTITY[sdk=iphoneos*]" = "iPhone Developer";
				COPY_PHASE_STRIP = NO;
				GCC_C_LANGUAGE_STANDARD = gnu99;
				GCC_DYNAMIC_NO_PIC = NO;
				GCC_OPTIMIZATION_LEVEL = 0;
				GCC_PREPROCESSOR_DEFINITIONS = (
					"DEBUG=1",
					"$(inherited)",
				);
				GCC_SYMBOLS_PRIVATE_EXTERN = NO;
				GCC_VERSION = com.apple.compilers.llvm.clang.1_0;
				GCC_WARN_ABOUT_RETURN_TYPE = YES;
				GCC_WARN_UNINITIALIZED_AUTOS = YES;
				GCC_WARN_UNUSED_VARIABLE = YES;
				IPHONEOS_DEPLOYMENT_TARGET = 5.1;
				SDKROOT = iphoneos;
			};
			name = Debug;
		};
		6818C0E215AD3CD4000EF6A7 /* Release */ = {
			isa = XCBuildConfiguration;
			buildSettings = {
				ALWAYS_SEARCH_USER_PATHS = NO;
				ARCHS = "$(ARCHS_STANDARD_32_BIT)";
				CLANG_ENABLE_OBJC_ARC = YES;
				"CODE_SIGN_IDENTITY[sdk=iphoneos*]" = "iPhone Developer";
				COPY_PHASE_STRIP = YES;
				GCC_C_LANGUAGE_STANDARD = gnu99;
				GCC_VERSION = com.apple.compilers.llvm.clang.1_0;
				GCC_WARN_ABOUT_RETURN_TYPE = YES;
				GCC_WARN_UNINITIALIZED_AUTOS = YES;
				GCC_WARN_UNUSED_VARIABLE = YES;
				IPHONEOS_DEPLOYMENT_TARGET = 5.1;
				OTHER_CFLAGS = "-DNS_BLOCK_ASSERTIONS=1";
				SDKROOT = iphoneos;
				VALIDATE_PRODUCT = YES;
			};
			name = Release;
		};
		6818C0E415AD3CD4000EF6A7 /* Debug */ = {
			isa = XCBuildConfiguration;
			buildSettings = {
				GCC_PRECOMPILE_PREFIX_HEADER = YES;
				GCC_PREFIX_HEADER = "shen1d/shen1d-Prefix.pch";
				INFOPLIST_FILE = "shen1d/shen1d-Info.plist";
				LIBRARY_SEARCH_PATHS = (
					"$(inherited)",
					"\"$(SRCROOT)/shen1d\"",
				);
				PRODUCT_NAME = "$(TARGET_NAME)";
				WRAPPER_EXTENSION = app;
			};
			name = Debug;
		};
		6818C0E515AD3CD4000EF6A7 /* Release */ = {
			isa = XCBuildConfiguration;
			buildSettings = {
				GCC_PRECOMPILE_PREFIX_HEADER = YES;
				GCC_PREFIX_HEADER = "shen1d/shen1d-Prefix.pch";
				INFOPLIST_FILE = "shen1d/shen1d-Info.plist";
				LIBRARY_SEARCH_PATHS = (
					"$(inherited)",
					"\"$(SRCROOT)/shen1d\"",
				);
				PRODUCT_NAME = "$(TARGET_NAME)";
				WRAPPER_EXTENSION = app;
			};
			name = Release;
		};
/* End XCBuildConfiguration section */

/* Begin XCConfigurationList section */
		6818C0BF15AD3CD4000EF6A7 /* Build configuration list for PBXProject "shen1d" */ = {
			isa = XCConfigurationList;
			buildConfigurations = (
				6818C0E115AD3CD4000EF6A7 /* Debug */,
				6818C0E215AD3CD4000EF6A7 /* Release */,
			);
			defaultConfigurationIsVisible = 0;
			defaultConfigurationName = Release;
		};
		6818C0E315AD3CD4000EF6A7 /* Build configuration list for PBXNativeTarget "shen1d" */ = {
			isa = XCConfigurationList;
			buildConfigurations = (
				6818C0E415AD3CD4000EF6A7 /* Debug */,
				6818C0E515AD3CD4000EF6A7 /* Release */,
			);
			defaultConfigurationIsVisible = 0;
			defaultConfigurationName = Release;
		};
/* End XCConfigurationList section */
	};
	rootObject = 6818C0BC15AD3CD4000EF6A7 /* Project object */;
}
