// !$*UTF8*$!
{
	archiveVersion = 1;
	classes = {
	};
	objectVersion = 46;
	objects = {

/* Begin PBXBuildFile section */
		6818C0CA15AD3CD4000EF6A7 /* UIKit.framework in Frameworks */ = {isa = PBXBuildFile; fileRef = 6818C0C915AD3CD4000EF6A7 /* UIKit.framework */; };
		6818C0CC15AD3CD4000EF6A7 /* Foundation.framework in Frameworks */ = {isa = PBXBuildFile; fileRef = 6818C0CB15AD3CD4000EF6A7 /* Foundation.framework */; };
		6818C0CE15AD3CD4000EF6A7 /* CoreGraphics.framework in Frameworks */ = {isa = PBXBuildFile; fileRef = 6818C0CD15AD3CD4000EF6A7 /* CoreGraphics.framework */; };
		6818C0D415AD3CD4000EF6A7 /* InfoPlist.strings in Resources */ = {isa = PBXBuildFile; fileRef = 6818C0D215AD3CD4000EF6A7 /* InfoPlist.strings */; };
		6818C0D615AD3CD4000EF6A7 /* main.m in Sources */ = {isa = PBXBuildFile; fileRef = 6818C0D515AD3CD4000EF6A7 /* main.m */; };
		6818C0DA15AD3CD4000EF6A7 /* AppDelegate.m in Sources */ = {isa = PBXBuildFile; fileRef = 6818C0D915AD3CD4000EF6A7 /* AppDelegate.m */; };
		6818C0DD15AD3CD4000EF6A7 /* ViewController.m in Sources */ = {isa = PBXBuildFile; fileRef = 6818C0DC15AD3CD4000EF6A7 /* ViewController.m */; };
		6818C0E015AD3CD4000EF6A7 /* ViewController.xib in Resources */ = {isa = PBXBuildFile; fileRef = 6818C0DE15AD3CD4000EF6A7 /* ViewController.xib */; };
/* End PBXBuildFile section */

/* Begin PBXFileReference section */
		6818C0C515AD3CD4000EF6A7 /* shen1d.app */ = {isa = PBXFileReference; explicitFileType = wrapper.application; includeInIndex = 0; path = shen1d.app; sourceTree = BUILT_PRODUCTS_DIR; };
		6818C0C915AD3CD4000EF6A7 /* UIKit.framework */ = {isa = PBXFileReference; lastKnownFileType = wrapper.framework; name = UIKit.framework; path = System/Library/Frameworks/UIKit.framework; sourceTree = SDKROOT; };
		6818C0CB15AD3CD4000EF6A7 /* Foundation.framework */ = {isa = PBXFileReference; lastKnownFileType = wrapper.framework; name = Foundation.framework; path = System/Library/Frameworks/Foundation.framework; sourceTree = SDKROOT; };
		6818C0CD15AD3CD4000EF6A7 /* CoreGraphics.framework */ = {isa = PBXFileReference; lastKnownFileType = wrapper.framework; name = CoreGraphics.framework; path = System/Library/Frameworks/CoreGraphics.framework; sourceTree = SDKROOT; };
		6818C0D115AD3CD4000EF6A7 /* shen1d-Info.plist */ = {isa = PBXFileReference; path = "shen1d-Info.plist"; sourceTree = "<group>"; };
		6818C0D315AD3CD4000EF6A7 /* en */ = {isa = PBXFileReference; lastKnownFileType = text.plist.strings; name = en; path = en.lproj/InfoPlist.strings; sourceTree = "<group>"; };
		6818C0D515AD3CD4000EF6A7 /* main.m */ = {isa = PBXFileReference; lastKnownFileType = sourcecode.c.objc; path = main.m; sourceTree = "<group>"; };
		6818C0D715AD3CD4000EF6A7 /* shen1d-Prefix.pch */ = {isa = PBXFileReference; path = "shen1d-Prefix.pch"; sourceTree = "<group>"; };
		6818C0D815AD3CD4000EF6A7 /* AppDelegate.h */ = {isa = PBXFileReference; path = AppDelegate.h; sourceTree = "<group>"; };
		6818C0D915AD3CD4000EF6A7 /* AppDelegate.m */ = {isa = PBXFileReference; lastKnownFileType = sourcecode.c.objc; path = AppDelegate.m; sourceTree = "<group>"; };
		6818C0DB15AD3CD4000EF6A7 /* ViewController.h */ = {isa = PBXFileReference; path = ViewController.h; sourceTree = "<group>"; };
		6818C0DC15AD3CD4000EF6A7 /* ViewController.m */ = {isa = PBXFileReference; lastKnownFileType = sourcecode.c.objc; path = ViewController.m; sourceTree = "<group>"; };
		6818C0DF15AD3CD4000EF6A7 /* en */ = {isa = PBXFileReference; lastKnownFileType = file.xib; name = en; path = en.lproj/ViewController.xib; sourceTree = "<group>"; };
/* End PBXFileReference section */

/* Begin PBXFrameworksBuildPhase section */
		6818C0C215AD3CD4000EF6A7 /* Frameworks */ = {
			isa = PBXFrameworksBuildPhase;
			buildActionMask = 2147483647;
			files = (
				6818C0CA15AD3CD4000EF6A7 /* UIKit.framework in Frameworks */,
				6818C0CC15AD3CD4000EF6A7 /* Foundation.framework in Frameworks */,
				6818C0CE15AD3CD4000EF6A7 /* CoreGraphics.framework in Frameworks */,
			);
			runOnlyForDeploymentPostprocessing = 0;
		};
/* End PBXFrameworksBuildPhase section */

/* Begin PBXGroup section */
		6818C0BA15AD3CD4000EF6A7 = {
			isa = PBXGroup;
			children = (
				6818C0CF15AD3CD4000EF6A7 /* shen1d */,
				6818C0C815AD3CD4000EF6A7 /* Frameworks */,
				6818C0C615AD3CD4000EF6A7 /* Products */,
			);
			sourceTree = "<group>";
		};
		6818C0C615AD3CD4000EF6A7 /* Products */ = {
			isa = PBXGroup;
			children = (
				6818C0C515AD3CD4000EF6A7 /* shen1d.app */,
			);
			name = Products;
			sourceTree = "<group>";
		};
		6818C0C815AD3CD4000EF6A7 /* Frameworks */ = {
			isa = PBXGroup;
			children = (
				6818C0C915AD3CD4000EF6A7 /* UIKit.framework */,
				6818C0CB15AD3CD4000EF6A7 /* Foundation.framework */,
				6818C0CD15AD3CD4000EF6A7 /* CoreGraphics.framework */,
			);
			name = Frameworks;
			sourceTree = "<group>";
		};
		6818C0CF15AD3CD4000EF6A7 /* shen1d */ = {
			isa = PBXGroup;
			children = (
				6818C0D815AD3CD4000EF6A7 /* AppDelegate.h */,
				6818C0D915AD3CD4000EF6A7 /* AppDelegate.m */,
				6818C0DB15AD3CD4000EF6A7 /* ViewController.h */,
				6818C0DC15AD3CD4000EF6A7 /* ViewController.m */,
				6818C0DE15AD3CD4000EF6A7 /* ViewController.xib */,
				6818C0D015AD3CD4000EF6A7 /* Supporting Files */,
			);
			path = shen1d;
			sourceTree = "<group>";
		};
		6818C0D015AD3CD4000EF6A7 /* Supporting Files */ = {
			isa = PBXGroup;
			children = (
				6818C0D115AD3CD4000EF6A7 /* shen1d-Info.plist */,
				6818C0D215AD3CD4000EF6A7 /* InfoPlist.strings */,
				6818C0D515AD3CD4000EF6A7 /* main.m */,
				6818C0D715AD3CD4000EF6A7 /* shen1d-Prefix.pch */,
			);
			name = "Supporting Files";
			sourceTree = "<group>";
		};
/* End PBXGroup section */

/* Begin PBXNativeTarget section */
		6818C0C415AD3CD4000EF6A7 /* shen1d */ = {
			isa = PBXNativeTarget;
			buildConfigurationList = 6818C0E315AD3CD4000EF6A7 /* Build configuration list for PBXNativeTarget "shen1d" */;
			buildPhases = (
				6818C0C115AD3CD4000EF6A7 /* Sources */,
				6818C0C215AD3CD4000EF6A7 /* Frameworks */,
				6818C0C315AD3CD4000EF6A7 /* Resources */,
			);
			buildRules = (
			);
			dependencies = (
			);
			name = shen1d;
			productName = shen1d;
			productReference = 6818C0C515AD3CD4000EF6A7 /* shen1d.app */;
			productType = "com.apple.product-type.application";
		};
/* End PBXNativeTarget section */

/* Begin PBXProject section */
		6818C0BC15AD3CD4000EF6A7 /* Project object */ = {
			isa = PBXProject;
			attributes = {
				LastUpgradeCheck = 0430;
			};
			buildConfigurationList = 6818C0BF15AD3CD4000EF6A7 /* Build configuration list for PBXProject "shen1d" */;
			compatibilityVersion = "Xcode 3.2";
			developmentRegion = English;
			hasScannedForEncodings = 0;
			knownRegions = (
				en,
			);
			mainGroup = 6818C0BA15AD3CD4000EF6A7;
			productRefGroup = 6818C0C615AD3CD4000EF6A7 /* Products */;
			projectDirPath = "";
			projectRoot = "";
			targets = (
				6818C0C415AD3CD4000EF6A7 /* shen1d */,
			);
		};
/* End PBXProject section */

/* Begin PBXResourcesBuildPhase section */
		6818C0C315AD3CD4000EF6A7 /* Resources */ = {
			isa = PBXResourcesBuildPhase;
			buildActionMask = 2147483647;
			files = (
				6818C0D415AD3CD4000EF6A7 /* InfoPlist.strings in Resources */,
				6818C0E015AD3CD4000EF6A7 /* ViewController.xib in Resources */,
			);
			runOnlyForDeploymentPostprocessing = 0;
		};
/* End PBXResourcesBuildPhase section */

/* Begin PBXSourcesBuildPhase section */
		6818C0C115AD3CD4000EF6A7 /* Sources */ = {
			isa = PBXSourcesBuildPhase;
			buildActionMask = 2147483647;
			files = (
				6818C0D615AD3CD4000EF6A7 /* main.m in Sources */,
				6818C0DA15AD3CD4000EF6A7 /* AppDelegate.m in Sources */,
				6818C0DD15AD3CD4000EF6A7 /* ViewController.m in Sources */,
			);
			runOnlyForDeploymentPostprocessing = 0;
		};
/* End PBXSourcesBuildPhase section */

/* Begin PBXVariantGroup section */
		6818C0D215AD3CD4000EF6A7 /* InfoPlist.strings */ = {
			isa = PBXVariantGroup;
			children = (
				6818C0D315AD3CD4000EF6A7 /* en */,
			);
			name = InfoPlist.strings;
			sourceTree = "<group>";
		};
		6818C0DE15AD3CD4000EF6A7 /* ViewController.xib */ = {
			isa = PBXVariantGroup;
			children = (
				6818C0DF15AD3CD4000EF6A7 /* en */,
			);
			name = ViewController.xib;
			sourceTree = "<group>";
		};
/* End PBXVariantGroup section */

/* Begin XCBuildConfiguration section */
		6818C0E115AD3CD4000EF6A7 /* Debug */ = {
			isa = XCBuildConfiguration;
			buildSettings = {
				ALWAYS_SEARCH_USER_PATHS = NO;
				ARCHS = "$(ARCHS_STANDARD_32_BIT)";
				CLANG_ENABLE_OBJC_ARC = YES;
				"CODE_SIGN_IDENTITY[sdk=iphoneos*]" = "iPhone Developer";
				COPY_PHASE_STRIP = NO;
				GCC_C_LANGUAGE_STANDARD = gnu99;
				GCC_DYNAMIC_NO_PIC = NO;
				GCC_OPTIMIZATION_LEVEL = 0;
				GCC_PREPROCESSOR_DEFINITIONS = (
					"DEBUG=1",
					"$(inherited)",
				);
				GCC_SYMBOLS_PRIVATE_EXTERN = NO;
				GCC_VERSION = com.apple.compilers.llvm.clang.1_0;
				GCC_WARN_ABOUT_RETURN_TYPE = YES;
				GCC_WARN_UNINITIALIZED_AUTOS = YES;
				GCC_WARN_UNUSED_VARIABLE = YES;
				IPHONEOS_DEPLOYMENT_TARGET = 5.1;
				SDKROOT = iphoneos;
			};
			name = Debug;
		};
		6818C0E215AD3CD4000EF6A7 /* Release */ = {
			isa = XCBuildConfiguration;
			buildSettings = {
				ALWAYS_SEARCH_USER_PATHS = NO;
				ARCHS = "$(ARCHS_STANDARD_32_BIT)";
				CLANG_ENABLE_OBJC_ARC = YES;
				"CODE_SIGN_IDENTITY[sdk=iphoneos*]" = "iPhone Developer";
				COPY_PHASE_STRIP = YES;
				GCC_C_LANGUAGE_STANDARD = gnu99;
				GCC_VERSION = com.apple.compilers.llvm.clang.1_0;
				GCC_WARN_ABOUT_RETURN_TYPE = YES;
				GCC_WARN_UNINITIALIZED_AUTOS = YES;
				GCC_WARN_UNUSED_VARIABLE = YES;
				IPHONEOS_DEPLOYMENT_TARGET = 5.1;
				OTHER_CFLAGS = "-DNS_BLOCK_ASSERTIONS=1";
				SDKROOT = iphoneos;
				VALIDATE_PRODUCT = YES;
			};
			name = Release;
		};
		6818C0E415AD3CD4000EF6A7 /* Debug */ = {
			isa = XCBuildConfiguration;
			buildSettings = {
				GCC_PRECOMPILE_PREFIX_HEADER = YES;
				GCC_PREFIX_HEADER = "shen1d/shen1d-Prefix.pch";
				INFOPLIST_FILE = "shen1d/shen1d-Info.plist";
				PRODUCT_NAME = "$(TARGET_NAME)";
				WRAPPER_EXTENSION = app;
			};
			name = Debug;
		};
		6818C0E515AD3CD4000EF6A7 /* Release */ = {
			isa = XCBuildConfiguration;
			buildSettings = {
				GCC_PRECOMPILE_PREFIX_HEADER = YES;
				GCC_PREFIX_HEADER = "shen1d/shen1d-Prefix.pch";
				INFOPLIST_FILE = "shen1d/shen1d-Info.plist";
				PRODUCT_NAME = "$(TARGET_NAME)";
				WRAPPER_EXTENSION = app;
			};
			name = Release;
		};
/* End XCBuildConfiguration section */

/* Begin XCConfigurationList section */
		6818C0BF15AD3CD4000EF6A7 /* Build configuration list for PBXProject "shen1d" */ = {
			isa = XCConfigurationList;
			buildConfigurations = (
				6818C0E115AD3CD4000EF6A7 /* Debug */,
				6818C0E215AD3CD4000EF6A7 /* Release */,
			);
			defaultConfigurationIsVisible = 0;
			defaultConfigurationName = Release;
		};
		6818C0E315AD3CD4000EF6A7 /* Build configuration list for PBXNativeTarget "shen1d" */ = {
			isa = XCConfigurationList;
			buildConfigurations = (
				6818C0E415AD3CD4000EF6A7 /* Debug */,
				6818C0E515AD3CD4000EF6A7 /* Release */,
			);
			defaultConfigurationIsVisible = 0;
		};
/* End XCConfigurationList section */
	};
	rootObject = 6818C0BC15AD3CD4000EF6A7 /* Project object */;
}
